// !$*UTF8*$!
{
	archiveVersion = 1;
	classes = {
	};
	objectVersion = 46;
	objects = {
		19AB21F2C5DCE2D77AAEC68B = {
			isa = PBXBuildFile;
			fileRef = F8104BA875951D41382FE00E;
		};
		EA06474710C04870F19390EF = {
			isa = PBXBuildFile;
			fileRef = 10AE2CCCEC558246146B256A;
		};
		1519A221AABDD67FEC574D65 = {
			isa = PBXBuildFile;
			fileRef = 564A0FFA13C6260D997E7809;
		};
		2D961C06AF62ADC207060F53 = {
			isa = PBXBuildFile;
			fileRef = 92ACCD64B5A8B96EDC8BC228;
		};
		811AD44258F2EBA74A94BCF9 = {
			isa = PBXBuildFile;
			fileRef = EE43C6A67ED9F79ED61B1C14;
		};
		D2F2445B2606CA397FB1938C = {
			isa = PBXBuildFile;
			fileRef = 476EFEE61074F4D9D395E6DD;
		};
		941C27B88DCBF8EE6610FB18 = {
			isa = PBXBuildFile;
			fileRef = 82042CB6D454DB12AD52682A;
		};
		34D6C40820B63ED4E2FD9575 = {
			isa = PBXBuildFile;
			fileRef = 5BF5247F3F5FADF266791475;
		};
		3A4A7EC58A84B9B95E7F0B58 = {
			isa = PBXBuildFile;
			fileRef = 5E352479E50F39CEF5235957;
		};
		EF889AA24B86FC93063146A3 = {
			isa = PBXBuildFile;
			fileRef = AEB20ECF49C2BC3003A35E92;
		};
		261D82B96AE341E2B894F81A = {
			isa = PBXBuildFile;
			fileRef = 89D87EF1791D4A2DDB706325;
		};
		3696C40709ED8091E64C09B7 = {
			isa = PBXBuildFile;
			fileRef = B6B968D7CDB3A86235338AD0;
		};
		8015803133CFB29477F32DEA = {
			isa = PBXBuildFile;
			fileRef = AC9AE1F8ADE5FE25EB25651D;
		};
		7403F623E117EBE0081136E7 = {
			isa = PBXBuildFile;
			fileRef = BAB286F3C045ACA079B8C3A0;
		};
		42B11FAF558C3BCDF083D107 = {
			isa = PBXBuildFile;
			fileRef = B9294FBDBF14BDBE6300F4B9;
		};
		F49D827669D48021D391E769 = {
			isa = PBXBuildFile;
			fileRef = C6EAD64CAD46ECAE545427B4;
		};
		E43C967A8B929C47F9C4281F = {
			isa = PBXBuildFile;
			fileRef = 9666194FB41C58A3B9C87D6A;
		};
		E4FB6C4AEC256EF45F425DE1 = {
			isa = PBXBuildFile;
			fileRef = A4F52C4D0DC2AE9E78F6606F;
		};
		B935C2C7B0BA5F1C673340B6 = {
			isa = PBXBuildFile;
			fileRef = A54391DBDA096AC6E81F76BC;
		};
		DA84A770FAC4436BC209B878 = {
			isa = PBXBuildFile;
			fileRef = 02FB626D846DA3CDD857C6D3;
		};
		58D691D46AA047EAA52175D2 = {
			isa = PBXBuildFile;
			fileRef = 9281602A81E154E67180A8AC;
		};
		1268C317AD4E61661DAF9B16 = {
			isa = PBXBuildFile;
			fileRef = 6909142ED331930CA21F2041;
		};
		DBFB99EAA54853EFF89F4184 = {
			isa = PBXBuildFile;
			fileRef = D13923204F98ED69FA11A024;
		};
		53806C27B7FCB73083CC6482 = {
			isa = PBXBuildFile;
			fileRef = C5F88A32D82EE9DA5571882B;
		};
		B5C63E20567F45B85910CAB0 = {
			isa = PBXBuildFile;
			fileRef = CE8B686BD12AF377B5AE6F2A;
		};
		9E0C1F74A2E994F624C32ADC = {
			isa = PBXBuildFile;
			fileRef = 14B8445FB7B4FE0B9EDA6E8A;
		};
		B4CB3622452EF2AA84676AE8 = {
			isa = PBXBuildFile;
			fileRef = F36C035DE60F7DD8350E758F;
		};
		7C98D6796B58F64014F14D2F = {
			isa = PBXBuildFile;
			fileRef = 4A02D623002AD820B6420361;
		};
		DF65E2CF64FD9ADBAC91FA77 = {
			isa = PBXBuildFile;
			fileRef = 3957904E9CF89037C80EBD13;
		};
		49F4BF79354B8509FFBAA655 = {
			isa = PBXBuildFile;
			fileRef = A8CF7941D90C7AB0AC0EBC7F;
		};
		2EFDA3EBA317665E49C7A558 = {
			isa = PBXBuildFile;
			fileRef = C78ACACE7C1D7AB9062CAE68;
		};
		FCB6D754E14BA5744748ABDB = {
			isa = PBXBuildFile;
			fileRef = DB8219164F0003823C62083E;
		};
		EB76CC2838A7C8EE48000388 = {
			isa = PBXBuildFile;
			fileRef = 2DE597A09A04791AD935F852;
		};
		D2C23F9C39A832FA70586C29 = {
			isa = PBXBuildFile;
			fileRef = D3C2EAF161CD57A20E07571E;
		};
		DEB4C96B373C7BD1AB1BDBE4 = {
			isa = PBXBuildFile;
			fileRef = 61420B5C553C95A7BA12AB75;
		};
		C63E42A0972E45B1E9724818 = {
			isa = PBXBuildFile;
			fileRef = D1B33C0DC48580EC59A14F96;
		};
		25044E2337BAC365D74A9F8D = {
			isa = PBXBuildFile;
			fileRef = 89A46C2C9B0720988E1B2692;
		};
		277D9149183D1F940F014AFB = {
			isa = PBXBuildFile;
			fileRef = 02C1B969E17F707343FA1DFE;
		};
		AC65F7DA8C38074792401B4A = {
			isa = PBXBuildFile;
			fileRef = BB8A0C7C7AFCFD4252E2A362;
		};
		42F5BCE7096B0E9AC4CD4CBC = {
			isa = PBXBuildFile;
			fileRef = 6494F819AD4CE8A1A33D59FF;
		};
		05B3802C3B6AD2A507472048 = {
			isa = PBXBuildFile;
			fileRef = 39947A86770314EE08D230C8;
		};
		96D43F3C41A343955EE46F9A = {
			isa = PBXBuildFile;
			fileRef = ED1D3109F79F1B6CA81EC652;
		};
		C2A119F3CA9B31494C295BC2 = {
			isa = PBXBuildFile;
			fileRef = E4D84726D8596B5D42E52261;
		};
		80228C6047B4EBE8397D9F99 = {
			isa = PBXBuildFile;
			fileRef = F72E7F6169D86DEFA821FAC1;
		};
		5682773312CDECDCFA3F82A3 = {
			isa = PBXBuildFile;
			fileRef = ACBCA9871AC6B6D82EAC79CD;
		};
		528B9DD0DCFEE26769FBA086 = {
			isa = PBXBuildFile;
			fileRef = 36966C0987B0038510AC13F7;
		};
		E660F7E29ED4C092635AF559 = {
			isa = PBXBuildFile;
			fileRef = 6691DF2D44EC48A7927B1751;
		};
		7DD3D5E82EC424649E453EE4 = {
			isa = PBXBuildFile;
			fileRef = 3FF36C320A75141CE600ED41;
		};
		3CC1379455E600E966D9D0BA = {
			isa = PBXBuildFile;
			fileRef = C861117EB2A8018043E44E89;
		};
		01A58A596E63D3D142CF3B78 = {
			isa = PBXFileReference;
			lastKnownFileType = file;
			name = "juce_audio_processors";
			path = "/Applications/JUCE/modules/juce_audio_processors";
			sourceTree = "<absolute>";
		};
		01FC77DDAAA93BDD89A1D061 = {
			isa = PBXFileReference;
			lastKnownFileType = sourcecode.c.h;
			name = fft.h;
			path = ../../../Libraries/Maximilian/libs/fft.h;
			sourceTree = "SOURCE_ROOT";
		};
		02C1B969E17F707343FA1DFE = {
			isa = PBXFileReference;
			lastKnownFileType = sourcecode.cpp.cpp;
			name = "include_juce_audio_plugin_client_Standalone.cpp";
			path = "../../JuceLibraryCode/include_juce_audio_plugin_client_Standalone.cpp";
			sourceTree = "SOURCE_ROOT";
		};
		02FB626D846DA3CDD857C6D3 = {
			isa = PBXFileReference;
			lastKnownFileType = sourcecode.cpp.cpp;
			name = fft.cpp;
			path = ../../../Libraries/Maximilian/libs/fft.cpp;
			sourceTree = "SOURCE_ROOT";
		};
		0C2F7E4F8905D88DC36846E5 = {
			isa = PBXFileReference;
			lastKnownFileType = sourcecode.c.h;
			name = maxiMFCC.h;
			path = ../../../Libraries/Maximilian/libs/maxiMFCC.h;
			sourceTree = "SOURCE_ROOT";
		};
		14B8445FB7B4FE0B9EDA6E8A = {
			isa = PBXFileReference;
			lastKnownFileType = sourcecode.cpp.cpp;
			name = maxiSynths.cpp;
			path = ../../../Libraries/Maximilian/libs/maxiSynths.cpp;
			sourceTree = "SOURCE_ROOT";
		};
		1DBCC9242BEF012112ADFDBE = {
			isa = PBXFileReference;
			lastKnownFileType = file;
			name = "juce_audio_basics";
			path = "../../JuceLibraryCode/modules/juce_audio_basics";
			sourceTree = "SOURCE_ROOT";
		};
		1DD8C0D121850D9E75D025EC = {
			isa = PBXFileReference;
			lastKnownFileType = sourcecode.c.h;
			name = maxiGrains.h;
			path = ../../../Libraries/Maximilian/libs/maxiGrains.h;
			sourceTree = "SOURCE_ROOT";
		};
		29B8F7933BD11EC943694A74 = {
			isa = PBXFileReference;
			lastKnownFileType = sourcecode.c.h;
			name = JuceHeader.h;
			path = ../../JuceLibraryCode/JuceHeader.h;
			sourceTree = "SOURCE_ROOT";
		};
		2AF167F2D39473B8714AC8F7 = {
			isa = PBXFileReference;
			lastKnownFileType = file;
			name = "juce_gui_extra";
			path = "/Applications/JUCE/modules/juce_gui_extra";
			sourceTree = "<absolute>";
		};
		2DE597A09A04791AD935F852 = {
			isa = PBXFileReference;
			lastKnownFileType = sourcecode.cpp.objcpp;
			name = "include_juce_audio_devices.mm";
			path = "../../JuceLibraryCode/include_juce_audio_devices.mm";
			sourceTree = "SOURCE_ROOT";
		};
		3957904E9CF89037C80EBD13 = {
			isa = PBXFileReference;
			lastKnownFileType = sourcecode.c.c;
			name = "stb_vorbis.c";
			path = "../../../Libraries/Maximilian/stb_vorbis.c";
			sourceTree = "SOURCE_ROOT";
		};
		F8104BA875951D41382FE00E = {
			isa = PBXFileReference;
			explicitFileType = wrapper.cfbundle;
			includeInIndex = 0;
			path = Synthesizer.vst3;
			sourceTree = "BUILT_PRODUCTS_DIR";
		};
		10AE2CCCEC558246146B256A = {
			isa = PBXFileReference;
			explicitFileType = wrapper.cfbundle;
			includeInIndex = 0;
			path = Synthesizer.component;
			sourceTree = "BUILT_PRODUCTS_DIR";
		};
		268AEEEF635A8EE49738B2D5 = {
			isa = PBXFileReference;
			lastKnownFileType = text.plist.xml;
			name = "Info-AU.plist";
			path = "Info-AU.plist";
			sourceTree = "SOURCE_ROOT";
		};
		362368ADF5AC2C4F5377A246 = {
			isa = PBXFileReference;
			lastKnownFileType = text.plist.xml;
			name = "Info-Standalone_Plugin.plist";
			path = "Info-Standalone_Plugin.plist";
			sourceTree = "SOURCE_ROOT";
		};
		36966C0987B0038510AC13F7 = {
			isa = PBXFileReference;
			lastKnownFileType = sourcecode.cpp.objcpp;
			name = "include_juce_events.mm";
			path = "../../JuceLibraryCode/include_juce_events.mm";
			sourceTree = "SOURCE_ROOT";
		};
		39947A86770314EE08D230C8 = {
			isa = PBXFileReference;
			lastKnownFileType = sourcecode.cpp.cpp;
			name = "include_juce_audio_plugin_client_VST3.cpp";
			path = "../../JuceLibraryCode/include_juce_audio_plugin_client_VST3.cpp";
			sourceTree = "SOURCE_ROOT";
		};
		3C558ED383967209644EFAF6 = {
			isa = PBXFileReference;
			lastKnownFileType = sourcecode.c.h;
			name = Envelope.h;
			path = ../../Source/Envelope.h;
			sourceTree = "SOURCE_ROOT";
		};
		3E97602D709D44ECAA728CC5 = {
			isa = PBXFileReference;
			lastKnownFileType = sourcecode.c.h;
			name = Oscillator.h;
			path = ../../Source/Oscillator.h;
			sourceTree = "SOURCE_ROOT";
		};
		3FF36C320A75141CE600ED41 = {
			isa = PBXFileReference;
			lastKnownFileType = sourcecode.cpp.objcpp;
			name = "include_juce_gui_basics.mm";
			path = "../../JuceLibraryCode/include_juce_gui_basics.mm";
			sourceTree = "SOURCE_ROOT";
		};
		476EFEE61074F4D9D395E6DD = {
			isa = PBXFileReference;
			lastKnownFileType = wrapper.framework;
			name = Accelerate.framework;
			path = System/Library/Frameworks/Accelerate.framework;
			sourceTree = SDKROOT;
		};
		4A02D623002AD820B6420361 = {
			isa = PBXFileReference;
			lastKnownFileType = sourcecode.cpp.cpp;
			name = maximilian.cpp;
			path = ../../../Libraries/Maximilian/maximilian.cpp;
			sourceTree = "SOURCE_ROOT";
		};
		55093397B147F9D7BD90F627 = {
			isa = PBXFileReference;
			lastKnownFileType = file;
			name = "juce_audio_formats";
			path = "/Applications/JUCE/modules/juce_audio_formats";
			sourceTree = "<absolute>";
		};
		564A0FFA13C6260D997E7809 = {
			isa = PBXFileReference;
			explicitFileType = wrapper.application;
			includeInIndex = 0;
			path = Synthesizer.app;
			sourceTree = "BUILT_PRODUCTS_DIR";
		};
		5675ACE3E4081D5D11A9C884 = {
			isa = PBXFileReference;
			lastKnownFileType = sourcecode.c.h;
			name = JucePluginDefines.h;
			path = ../../JuceLibraryCode/JucePluginDefines.h;
			sourceTree = "SOURCE_ROOT";
		};
		5BF5247F3F5FADF266791475 = {
			isa = PBXFileReference;
			lastKnownFileType = wrapper.framework;
			name = Carbon.framework;
			path = System/Library/Frameworks/Carbon.framework;
			sourceTree = SDKROOT;
		};
		5E352479E50F39CEF5235957 = {
			isa = PBXFileReference;
			lastKnownFileType = wrapper.framework;
			name = Cocoa.framework;
			path = System/Library/Frameworks/Cocoa.framework;
			sourceTree = SDKROOT;
		};
		602310E2E36B3522BD75D9FD = {
			isa = PBXFileReference;
			lastKnownFileType = sourcecode.c.h;
			name = sineTable.h;
			path = ../../../Libraries/Maximilian/libs/sineTable.h;
			sourceTree = "SOURCE_ROOT";
		};
		61420B5C553C95A7BA12AB75 = {
			isa = PBXFileReference;
			lastKnownFileType = file.r;
			name = "include_juce_audio_plugin_client_AU.r";
			path = "../../JuceLibraryCode/include_juce_audio_plugin_client_AU.r";
			sourceTree = "SOURCE_ROOT";
		};
		6494F819AD4CE8A1A33D59FF = {
			isa = PBXFileReference;
			lastKnownFileType = sourcecode.cpp.objcpp;
			name = "include_juce_audio_plugin_client_VST_utils.mm";
			path = "../../JuceLibraryCode/include_juce_audio_plugin_client_VST_utils.mm";
			sourceTree = "SOURCE_ROOT";
		};
		6691DF2D44EC48A7927B1751 = {
			isa = PBXFileReference;
			lastKnownFileType = sourcecode.cpp.objcpp;
			name = "include_juce_graphics.mm";
			path = "../../JuceLibraryCode/include_juce_graphics.mm";
			sourceTree = "SOURCE_ROOT";
		};
		6909142ED331930CA21F2041 = {
			isa = PBXFileReference;
			lastKnownFileType = sourcecode.cpp.cpp;
			name = maxiBark.cpp;
			path = ../../../Libraries/Maximilian/libs/maxiBark.cpp;
			sourceTree = "SOURCE_ROOT";
		};
		737AC9DC41F26E93DEB342B5 = {
			isa = PBXFileReference;
			lastKnownFileType = file;
			name = "juce_gui_basics";
			path = "/Applications/JUCE/modules/juce_gui_basics";
			sourceTree = "<absolute>";
		};
		73BD8BBCFEA3A8EB07E480B9 = {
			isa = PBXFileReference;
			lastKnownFileType = sourcecode.c.h;
			name = PluginEditor.h;
			path = ../../Source/PluginEditor.h;
			sourceTree = "SOURCE_ROOT";
		};
		73CED1D5E3F42B883223A1A1 = {
			isa = PBXFileReference;
			lastKnownFileType = file;
			name = "juce_audio_utils";
			path = "/Applications/JUCE/modules/juce_audio_utils";
			sourceTree = "<absolute>";
		};
		7892743D0FE8B942719AB152 = {
			isa = PBXFileReference;
			lastKnownFileType = file;
			name = "juce_graphics";
			path = "/Applications/JUCE/modules/juce_graphics";
			sourceTree = "<absolute>";
		};
		7A7E835383149E526013BB04 = {
			isa = PBXFileReference;
			lastKnownFileType = file;
			name = "juce_events";
			path = "/Applications/JUCE/modules/juce_events";
			sourceTree = "<absolute>";
		};
		82042CB6D454DB12AD52682A = {
			isa = PBXFileReference;
			lastKnownFileType = wrapper.framework;
			name = AudioToolbox.framework;
			path = System/Library/Frameworks/AudioToolbox.framework;
			sourceTree = SDKROOT;
		};
		89A46C2C9B0720988E1B2692 = {
			isa = PBXFileReference;
			lastKnownFileType = sourcecode.cpp.objcpp;
			name = "include_juce_audio_plugin_client_AU_2.mm";
			path = "../../JuceLibraryCode/include_juce_audio_plugin_client_AU_2.mm";
			sourceTree = "SOURCE_ROOT";
		};
		89D87EF1791D4A2DDB706325 = {
			isa = PBXFileReference;
			lastKnownFileType = wrapper.framework;
			name = CoreAudioKit.framework;
			path = System/Library/Frameworks/CoreAudioKit.framework;
			sourceTree = SDKROOT;
		};
		8D38124CAC723143D38CBD85 = {
			isa = PBXFileReference;
			lastKnownFileType = sourcecode.c.h;
			name = PluginProcessor.h;
			path = ../../Source/PluginProcessor.h;
			sourceTree = "SOURCE_ROOT";
		};
		9281602A81E154E67180A8AC = {
			isa = PBXFileReference;
			lastKnownFileType = sourcecode.cpp.cpp;
			name = maxiAtoms.cpp;
			path = ../../../Libraries/Maximilian/libs/maxiAtoms.cpp;
			sourceTree = "SOURCE_ROOT";
		};
		92ACCD64B5A8B96EDC8BC228 = {
			isa = PBXFileReference;
			explicitFileType = archive.ar;
			includeInIndex = 0;
			path = libSynthesizer.a;
			sourceTree = "BUILT_PRODUCTS_DIR";
		};
		9666194FB41C58A3B9C87D6A = {
			isa = PBXFileReference;
			lastKnownFileType = file.nib;
			name = RecentFilesMenuTemplate.nib;
			path = RecentFilesMenuTemplate.nib;
			sourceTree = "SOURCE_ROOT";
		};
		9C32DCF259F5DC8B5CC9A0A6 = {
			isa = PBXFileReference;
			lastKnownFileType = file;
			name = "juce_data_structures";
			path = "/Applications/JUCE/modules/juce_data_structures";
			sourceTree = "<absolute>";
		};
		A2750E0A8FE06BA12354F7B8 = {
			isa = PBXFileReference;
			lastKnownFileType = sourcecode.c.h;
			name = maxiAtoms.h;
			path = ../../../Libraries/Maximilian/libs/maxiAtoms.h;
			sourceTree = "SOURCE_ROOT";
		};
		A4F52C4D0DC2AE9E78F6606F = {
			isa = PBXFileReference;
			lastKnownFileType = sourcecode.cpp.cpp;
			name = Envelope.cpp;
			path = ../../Source/Envelope.cpp;
			sourceTree = "SOURCE_ROOT";
		};
		A54391DBDA096AC6E81F76BC = {
			isa = PBXFileReference;
			lastKnownFileType = sourcecode.cpp.cpp;
			name = Oscillator.cpp;
			path = ../../Source/Oscillator.cpp;
			sourceTree = "SOURCE_ROOT";
		};
		A8CF7941D90C7AB0AC0EBC7F = {
			isa = PBXFileReference;
			lastKnownFileType = sourcecode.cpp.cpp;
			name = PluginProcessor.cpp;
			path = ../../Source/PluginProcessor.cpp;
			sourceTree = "SOURCE_ROOT";
		};
		A9174D4BF2085EFF1FADAD03 = {
			isa = PBXFileReference;
			lastKnownFileType = file;
			name = "juce_core";
			path = "/Applications/JUCE/modules/juce_core";
			sourceTree = "<absolute>";
		};
		AC9AE1F8ADE5FE25EB25651D = {
			isa = PBXFileReference;
			lastKnownFileType = wrapper.framework;
			name = DiscRecording.framework;
			path = System/Library/Frameworks/DiscRecording.framework;
			sourceTree = SDKROOT;
		};
		ACBCA9871AC6B6D82EAC79CD = {
			isa = PBXFileReference;
			lastKnownFileType = sourcecode.cpp.objcpp;
			name = "include_juce_data_structures.mm";
			path = "../../JuceLibraryCode/include_juce_data_structures.mm";
			sourceTree = "SOURCE_ROOT";
		};
		ACE12AFF1E1D7DA80E37E46E = {
			isa = PBXFileReference;
			lastKnownFileType = sourcecode.c.h;
			name = maxiBark.h;
			path = ../../../Libraries/Maximilian/libs/maxiBark.h;
			sourceTree = "SOURCE_ROOT";
		};
		AEB20ECF49C2BC3003A35E92 = {
			isa = PBXFileReference;
			lastKnownFileType = wrapper.framework;
			name = CoreAudio.framework;
			path = System/Library/Frameworks/CoreAudio.framework;
			sourceTree = SDKROOT;
		};
		AFB7A44C00768FFC54293139 = {
			isa = PBXFileReference;
			lastKnownFileType = file;
			name = "juce_audio_devices";
			path = "/Applications/JUCE/modules/juce_audio_devices";
			sourceTree = "<absolute>";
		};
		B6B968D7CDB3A86235338AD0 = {
			isa = PBXFileReference;
			lastKnownFileType = wrapper.framework;
			name = CoreMIDI.framework;
			path = System/Library/Frameworks/CoreMIDI.framework;
			sourceTree = SDKROOT;
		};
		B9294FBDBF14BDBE6300F4B9 = {
			isa = PBXFileReference;
			lastKnownFileType = wrapper.framework;
			name = QuartzCore.framework;
			path = System/Library/Frameworks/QuartzCore.framework;
			sourceTree = SDKROOT;
		};
		BAB286F3C045ACA079B8C3A0 = {
			isa = PBXFileReference;
			lastKnownFileType = wrapper.framework;
			name = IOKit.framework;
			path = System/Library/Frameworks/IOKit.framework;
			sourceTree = SDKROOT;
		};
		BB8A0C7C7AFCFD4252E2A362 = {
			isa = PBXFileReference;
			lastKnownFileType = sourcecode.cpp.cpp;
			name = "include_juce_audio_plugin_client_utils.cpp";
			path = "../../JuceLibraryCode/include_juce_audio_plugin_client_utils.cpp";
			sourceTree = "SOURCE_ROOT";
		};
		C42F97E1F6A6B45AE89515D0 = {
			isa = PBXFileReference;
			lastKnownFileType = sourcecode.c.h;
			name = SynthVoice.h;
			path = ../../Source/SynthVoice.h;
			sourceTree = "SOURCE_ROOT";
		};
		C5D69458E79AB2C303A3AAB3 = {
			isa = PBXFileReference;
			lastKnownFileType = sourcecode.c.h;
			name = maxiFFT.h;
			path = ../../../Libraries/Maximilian/libs/maxiFFT.h;
			sourceTree = "SOURCE_ROOT";
		};
		C5F88A32D82EE9DA5571882B = {
			isa = PBXFileReference;
			lastKnownFileType = sourcecode.cpp.cpp;
			name = maxiGrains.cpp;
			path = ../../../Libraries/Maximilian/libs/maxiGrains.cpp;
			sourceTree = "SOURCE_ROOT";
		};
		C6EAD64CAD46ECAE545427B4 = {
			isa = PBXFileReference;
			lastKnownFileType = wrapper.framework;
			name = WebKit.framework;
			path = System/Library/Frameworks/WebKit.framework;
			sourceTree = SDKROOT;
		};
		C728A69B8E9BF26746007AFD = {
			isa = PBXFileReference;
			lastKnownFileType = sourcecode.c.h;
			name = "stb_vorbis.h";
			path = "../../../Libraries/Maximilian/stb_vorbis.h";
			sourceTree = "SOURCE_ROOT";
		};
		C78ACACE7C1D7AB9062CAE68 = {
			isa = PBXFileReference;
			lastKnownFileType = sourcecode.cpp.cpp;
			name = PluginEditor.cpp;
			path = ../../Source/PluginEditor.cpp;
			sourceTree = "SOURCE_ROOT";
		};
		C861117EB2A8018043E44E89 = {
			isa = PBXFileReference;
			lastKnownFileType = sourcecode.cpp.objcpp;
			name = "include_juce_gui_extra.mm";
			path = "../../JuceLibraryCode/include_juce_gui_extra.mm";
			sourceTree = "SOURCE_ROOT";
		};
		CE8B686BD12AF377B5AE6F2A = {
			isa = PBXFileReference;
			lastKnownFileType = sourcecode.cpp.cpp;
			name = maxiMFCC.cpp;
			path = ../../../Libraries/Maximilian/libs/maxiMFCC.cpp;
			sourceTree = "SOURCE_ROOT";
		};
		D13923204F98ED69FA11A024 = {
			isa = PBXFileReference;
			lastKnownFileType = sourcecode.cpp.cpp;
			name = maxiFFT.cpp;
			path = ../../../Libraries/Maximilian/libs/maxiFFT.cpp;
			sourceTree = "SOURCE_ROOT";
		};
		D1B33C0DC48580EC59A14F96 = {
			isa = PBXFileReference;
			lastKnownFileType = sourcecode.cpp.objcpp;
			name = "include_juce_audio_plugin_client_AU_1.mm";
			path = "../../JuceLibraryCode/include_juce_audio_plugin_client_AU_1.mm";
			sourceTree = "SOURCE_ROOT";
		};
		D3C2EAF161CD57A20E07571E = {
			isa = PBXFileReference;
			lastKnownFileType = sourcecode.cpp.objcpp;
			name = "include_juce_audio_formats.mm";
			path = "../../JuceLibraryCode/include_juce_audio_formats.mm";
			sourceTree = "SOURCE_ROOT";
		};
		DB1C63097A41BF4ABE032D43 = {
			isa = PBXFileReference;
			lastKnownFileType = text.plist.xml;
			name = "Info-VST3.plist";
			path = "Info-VST3.plist";
			sourceTree = "SOURCE_ROOT";
		};
		DB8219164F0003823C62083E = {
			isa = PBXFileReference;
			lastKnownFileType = sourcecode.cpp.objcpp;
			name = "include_juce_audio_basics.mm";
			path = "../../JuceLibraryCode/include_juce_audio_basics.mm";
			sourceTree = "SOURCE_ROOT";
		};
		E21E8910B3F1251B8E1B04D6 = {
			isa = PBXFileReference;
			lastKnownFileType = file;
			name = "juce_audio_plugin_client";
			path = "/Applications/JUCE/modules/juce_audio_plugin_client";
			sourceTree = "<absolute>";
		};
		E4D84726D8596B5D42E52261 = {
			isa = PBXFileReference;
			lastKnownFileType = sourcecode.cpp.objcpp;
			name = "include_juce_audio_utils.mm";
			path = "../../JuceLibraryCode/include_juce_audio_utils.mm";
			sourceTree = "SOURCE_ROOT";
		};
		E608F5D06E7E295F92AC77B1 = {
			isa = PBXFileReference;
			lastKnownFileType = sourcecode.c.h;
			name = maxim.h;
			path = ../../../Libraries/Maximilian/libs/maxim.h;
			sourceTree = "SOURCE_ROOT";
		};
		EB585388F42327C65E9B4B80 = {
			isa = PBXFileReference;
			lastKnownFileType = sourcecode.c.h;
			name = maximilian.h;
			path = ../../../Libraries/Maximilian/maximilian.h;
			sourceTree = "SOURCE_ROOT";
		};
		ED1D3109F79F1B6CA81EC652 = {
			isa = PBXFileReference;
			lastKnownFileType = sourcecode.cpp.objcpp;
			name = "include_juce_audio_processors.mm";
			path = "../../JuceLibraryCode/include_juce_audio_processors.mm";
			sourceTree = "SOURCE_ROOT";
		};
		EE43C6A67ED9F79ED61B1C14 = {
			isa = PBXFileReference;
			lastKnownFileType = wrapper.framework;
			name = AudioUnit.framework;
			path = System/Library/Frameworks/AudioUnit.framework;
			sourceTree = SDKROOT;
		};
		F36C035DE60F7DD8350E758F = {
			isa = PBXFileReference;
			lastKnownFileType = sourcecode.cpp.cpp;
			name = main.cpp;
			path = ../../../Libraries/Maximilian/main.cpp;
			sourceTree = "SOURCE_ROOT";
		};
		F72E7F6169D86DEFA821FAC1 = {
			isa = PBXFileReference;
			lastKnownFileType = sourcecode.cpp.objcpp;
			name = "include_juce_core.mm";
			path = "../../JuceLibraryCode/include_juce_core.mm";
			sourceTree = "SOURCE_ROOT";
		};
		F9AD3F0374B19A4F391A7215 = {
			isa = PBXFileReference;
			lastKnownFileType = sourcecode.c.h;
			name = maxiSynths.h;
			path = ../../../Libraries/Maximilian/libs/maxiSynths.h;
			sourceTree = "SOURCE_ROOT";
		};
		FBBA94AB9201C70593DEA577 = {
			isa = PBXFileReference;
			lastKnownFileType = sourcecode.c.h;
			name = SynthSound.h;
			path = ../../Source/SynthSound.h;
			sourceTree = "SOURCE_ROOT";
		};
		7BDE4B31258926B66C37AECF = {
			isa = PBXGroup;
			children = (
				02FB626D846DA3CDD857C6D3,
				01FC77DDAAA93BDD89A1D061,
				9281602A81E154E67180A8AC,
				A2750E0A8FE06BA12354F7B8,
				6909142ED331930CA21F2041,
				ACE12AFF1E1D7DA80E37E46E,
				D13923204F98ED69FA11A024,
				C5D69458E79AB2C303A3AAB3,
				C5F88A32D82EE9DA5571882B,
				1DD8C0D121850D9E75D025EC,
				E608F5D06E7E295F92AC77B1,
				CE8B686BD12AF377B5AE6F2A,
				0C2F7E4F8905D88DC36846E5,
				14B8445FB7B4FE0B9EDA6E8A,
				F9AD3F0374B19A4F391A7215,
				602310E2E36B3522BD75D9FD,
			);
			name = libs;
			sourceTree = "<group>";
		};
		10300C7BA4882BA7BBD392F2 = {
			isa = PBXGroup;
			children = (
				7BDE4B31258926B66C37AECF,
				F36C035DE60F7DD8350E758F,
				4A02D623002AD820B6420361,
				EB585388F42327C65E9B4B80,
				3957904E9CF89037C80EBD13,
				C728A69B8E9BF26746007AFD,
			);
			name = Maximilian;
			sourceTree = "<group>";
		};
		AFFCF38A693D04C3E09FB527 = {
			isa = PBXGroup;
			children = (
				A4F52C4D0DC2AE9E78F6606F,
				3C558ED383967209644EFAF6,
				A54391DBDA096AC6E81F76BC,
				3E97602D709D44ECAA728CC5,
				10300C7BA4882BA7BBD392F2,
				FBBA94AB9201C70593DEA577,
				A8CF7941D90C7AB0AC0EBC7F,
				8D38124CAC723143D38CBD85,
				C78ACACE7C1D7AB9062CAE68,
				73BD8BBCFEA3A8EB07E480B9,
				C42F97E1F6A6B45AE89515D0,
			);
			name = Source;
			sourceTree = "<group>";
		};
		F9454F7E474214FFE53399D8 = {
			isa = PBXGroup;
			children = (
				AFFCF38A693D04C3E09FB527,
			);
			name = Synthesizer;
			sourceTree = "<group>";
		};
		AF08B0D9E87A37F34A29716E = {
			isa = PBXGroup;
			children = (
				1DBCC9242BEF012112ADFDBE,
				AFB7A44C00768FFC54293139,
				55093397B147F9D7BD90F627,
				E21E8910B3F1251B8E1B04D6,
				01A58A596E63D3D142CF3B78,
				73CED1D5E3F42B883223A1A1,
				A9174D4BF2085EFF1FADAD03,
				9C32DCF259F5DC8B5CC9A0A6,
				7A7E835383149E526013BB04,
				7892743D0FE8B942719AB152,
				737AC9DC41F26E93DEB342B5,
				2AF167F2D39473B8714AC8F7,
			);
			name = "JUCE Modules";
			sourceTree = "<group>";
		};
		9AF61C5B98371D514832F819 = {
			isa = PBXGroup;
			children = (
				DB8219164F0003823C62083E,
				2DE597A09A04791AD935F852,
				D3C2EAF161CD57A20E07571E,
				61420B5C553C95A7BA12AB75,
				D1B33C0DC48580EC59A14F96,
				89A46C2C9B0720988E1B2692,
				02C1B969E17F707343FA1DFE,
				BB8A0C7C7AFCFD4252E2A362,
				6494F819AD4CE8A1A33D59FF,
				39947A86770314EE08D230C8,
				ED1D3109F79F1B6CA81EC652,
				E4D84726D8596B5D42E52261,
				F72E7F6169D86DEFA821FAC1,
				ACBCA9871AC6B6D82EAC79CD,
				36966C0987B0038510AC13F7,
				6691DF2D44EC48A7927B1751,
				3FF36C320A75141CE600ED41,
				C861117EB2A8018043E44E89,
				29B8F7933BD11EC943694A74,
				5675ACE3E4081D5D11A9C884,
			);
			name = "JUCE Library Code";
			sourceTree = "<group>";
		};
		8ECBCC9A6A7CC46A34C8B7EE = {
			isa = PBXGroup;
			children = (
				DB1C63097A41BF4ABE032D43,
				268AEEEF635A8EE49738B2D5,
				362368ADF5AC2C4F5377A246,
				9666194FB41C58A3B9C87D6A,
			);
			name = Resources;
			sourceTree = "<group>";
		};
		81196AE06C8D27E7475A9EF3 = {
			isa = PBXGroup;
			children = (
				EE43C6A67ED9F79ED61B1C14,
				476EFEE61074F4D9D395E6DD,
				82042CB6D454DB12AD52682A,
				5BF5247F3F5FADF266791475,
				5E352479E50F39CEF5235957,
				AEB20ECF49C2BC3003A35E92,
				89D87EF1791D4A2DDB706325,
				B6B968D7CDB3A86235338AD0,
				AC9AE1F8ADE5FE25EB25651D,
				BAB286F3C045ACA079B8C3A0,
				B9294FBDBF14BDBE6300F4B9,
				C6EAD64CAD46ECAE545427B4,
			);
			name = Frameworks;
			sourceTree = "<group>";
		};
		0F155C940B606176BC92A794 = {
			isa = PBXGroup;
			children = (
				F8104BA875951D41382FE00E,
				10AE2CCCEC558246146B256A,
				564A0FFA13C6260D997E7809,
				92ACCD64B5A8B96EDC8BC228,
			);
			name = Products;
			sourceTree = "<group>";
		};
		26E8128F8071B3D6235BA60A = {
			isa = PBXGroup;
			children = (
				F9454F7E474214FFE53399D8,
				AF08B0D9E87A37F34A29716E,
				9AF61C5B98371D514832F819,
				8ECBCC9A6A7CC46A34C8B7EE,
				81196AE06C8D27E7475A9EF3,
				0F155C940B606176BC92A794,
			);
			name = Source;
			sourceTree = "<group>";
		};
		AE9496035120467750D6C2AD = {
			isa = PBXTargetDependency;
			target = F99E227DABB427984FA4A903;
		};
		BB1D78D83CAAE0212BD7D968 = {
			isa = PBXTargetDependency;
			target = 6F2F0FE75767A999A9127985;
		};
		46D8786406112254B6B9E120 = {
			isa = PBXTargetDependency;
			target = CE54D4B73AF2A9ADE7AE3F07;
		};
		BEA9682E71B2CE18D9BE01A5 = {
			isa = PBXTargetDependency;
			target = 48245960CCD9B57F52EA1360;
		};
		C4D0F0C6C302BA4DDCC8CFAF = {
			isa = PBXTargetDependency;
			target = 48245960CCD9B57F52EA1360;
		};
		69C9DC558633BA2F4160EFBC = {
			isa = PBXTargetDependency;
			target = 48245960CCD9B57F52EA1360;
		};
		6037A701D2BD5D5E9616DFF6 = {
			isa = PBXTargetDependency;
			target = 48245960CCD9B57F52EA1360;
		};
		C7B391D4ABB4DB804A3908E9 = {
			isa = XCBuildConfiguration;
			buildSettings = {
				MACOSX_DEPLOYMENT_TARGET = 10.11;
				SDKROOT = macosx;
			};
			name = Debug;
		};
		0887E9749B0FF7968BECDDCA = {
			isa = XCBuildConfiguration;
			buildSettings = {
				MACOSX_DEPLOYMENT_TARGET = 10.11;
				SDKROOT = macosx;
			};
			name = Release;
		};
		F8B99042FBCA0FFB0F7F634B = {
			isa = XCBuildConfiguration;
			buildSettings = {
				CLANG_CXX_LANGUAGE_STANDARD = "c++14";
				CLANG_CXX_LIBRARY = "libc++";
				CLANG_LINK_OBJC_RUNTIME = NO;
				CODE_SIGN_IDENTITY = "";
				COMBINE_HIDPI_IMAGES = YES;
				CONFIGURATION_BUILD_DIR = "$(PROJECT_DIR)/build/$(CONFIGURATION)";
				COPY_PHASE_STRIP = NO;
				DEPLOYMENT_LOCATION = YES;
				DSTROOT = /;
				GCC_DYNAMIC_NO_PIC = NO;
				GCC_OPTIMIZATION_LEVEL = 0;
				GCC_PREPROCESSOR_DEFINITIONS = (
					"_DEBUG=1",
					"DEBUG=1",
					"JUCE_DISPLAY_SPLASH_SCREEN=1",
					"JUCE_USE_DARK_SPLASH_SCREEN=1",
					"JUCE_PROJUCER_VERSION=0x60004",
					"JUCE_MODULE_AVAILABLE_juce_audio_basics=1",
					"JUCE_MODULE_AVAILABLE_juce_audio_devices=1",
					"JUCE_MODULE_AVAILABLE_juce_audio_formats=1",
					"JUCE_MODULE_AVAILABLE_juce_audio_plugin_client=1",
					"JUCE_MODULE_AVAILABLE_juce_audio_processors=1",
					"JUCE_MODULE_AVAILABLE_juce_audio_utils=1",
					"JUCE_MODULE_AVAILABLE_juce_core=1",
					"JUCE_MODULE_AVAILABLE_juce_data_structures=1",
					"JUCE_MODULE_AVAILABLE_juce_events=1",
					"JUCE_MODULE_AVAILABLE_juce_graphics=1",
					"JUCE_MODULE_AVAILABLE_juce_gui_basics=1",
					"JUCE_MODULE_AVAILABLE_juce_gui_extra=1",
					"JUCE_GLOBAL_MODULE_SETTINGS_INCLUDED=1",
					"JUCE_VST3_CAN_REPLACE_VST2=0",
					"JUCE_STRICT_REFCOUNTEDPOINTER=1",
					"JucePlugin_Build_VST=0",
					"JucePlugin_Build_VST3=1",
					"JucePlugin_Build_AU=0",
					"JucePlugin_Build_AUv3=0",
					"JucePlugin_Build_RTAS=0",
					"JucePlugin_Build_AAX=0",
					"JucePlugin_Build_Standalone=0",
					"JucePlugin_Build_Unity=0",
					"JucePlugin_Enable_IAA=0",
					"JucePlugin_Name=\\\"Synthesizer\\\"",
					"JucePlugin_Desc=\\\"Synthesizer\\\"",
					"JucePlugin_Manufacturer=\\\"yourcompany\\\"",
					"JucePlugin_ManufacturerWebsite=\\\"\\\"",
					"JucePlugin_ManufacturerEmail=\\\"\\\"",
					"JucePlugin_ManufacturerCode=0x4d616e75",
					"JucePlugin_PluginCode=0x4e6f6b72",
					"JucePlugin_IsSynth=1",
					"JucePlugin_WantsMidiInput=1",
					"JucePlugin_ProducesMidiOutput=1",
					"JucePlugin_IsMidiEffect=0",
					"JucePlugin_EditorRequiresKeyboardFocus=0",
					"JucePlugin_Version=1.0.0",
					"JucePlugin_VersionCode=0x10000",
					"JucePlugin_VersionString=\\\"1.0.0\\\"",
					"JucePlugin_VSTUniqueID=JucePlugin_PluginCode",
					"JucePlugin_VSTCategory=kPlugCategSynth",
					"JucePlugin_Vst3Category=\\\"Instrument|Synth\\\"",
					"JucePlugin_AUMainType='aumu'",
					"JucePlugin_AUSubType=JucePlugin_PluginCode",
					"JucePlugin_AUExportPrefix=SynthesizerAU",
					"JucePlugin_AUExportPrefixQuoted=\\\"SynthesizerAU\\\"",
					"JucePlugin_AUManufacturerCode=JucePlugin_ManufacturerCode",
					"JucePlugin_CFBundleIdentifier=com.yourcompany.Synthesizer",
					"JucePlugin_RTASCategory=2048",
					"JucePlugin_RTASManufacturerCode=JucePlugin_ManufacturerCode",
					"JucePlugin_RTASProductId=JucePlugin_PluginCode",
					"JucePlugin_RTASDisableBypass=0",
					"JucePlugin_RTASDisableMultiMono=0",
					"JucePlugin_AAXIdentifier=com.yourcompany.Synthesizer",
					"JucePlugin_AAXManufacturerCode=JucePlugin_ManufacturerCode",
					"JucePlugin_AAXProductId=JucePlugin_PluginCode",
					"JucePlugin_AAXCategory=2048",
					"JucePlugin_AAXDisableBypass=0",
					"JucePlugin_AAXDisableMultiMono=0",
					"JucePlugin_IAAType=0x61757269",
					"JucePlugin_IAASubType=JucePlugin_PluginCode",
					"JucePlugin_IAAName=\\\"yourcompany:\\ Synthesizer\\\"",
					"JucePlugin_VSTNumMidiInputs=16",
					"JucePlugin_VSTNumMidiOutputs=16",
					"JUCE_STANDALONE_APPLICATION=JucePlugin_Build_Standalone",
					"JUCER_XCODE_MAC_F6D2F4CF=1",
					"JUCE_APP_VERSION=1.0.0",
					"JUCE_APP_VERSION_HEX=0x10000",
				);
				GCC_VERSION = com.apple.compilers.llvm.clang.1_0;
				GENERATE_PKGINFO_FILE = YES;
				HEADER_SEARCH_PATHS = (
					"/Applications/JUCE/modules/juce_audio_processors/format_types/VST3_SDK",
					"../../JuceLibraryCode",
					"../../JuceLibraryCode/modules",
					"/Applications/JUCE/modules",
					"/Users/vincenthuang/JUCEProjects/Synthesizer/Maximilian",
					"/Applications/JUCE/modules/juce_audio_plugin_client",
					"$(inherited)",
				);
				INFOPLIST_FILE = Info-VST3.plist;
				INFOPLIST_PREPROCESS = NO;
				INSTALL_PATH = "$(HOME)/Library/Audio/Plug-Ins/VST3/";
				LIBRARY_STYLE = Bundle;
				MACOSX_DEPLOYMENT_TARGET = 10.11;
				MTL_HEADER_SEARCH_PATHS = (
					"/Applications/JUCE/modules/juce_audio_processors/format_types/VST3_SDK",
					"../../JuceLibraryCode",
					"../../JuceLibraryCode/modules",
					"/Applications/JUCE/modules",
					"/Users/vincenthuang/JUCEProjects/Synthesizer/Maximilian",
					"/Applications/JUCE/modules/juce_audio_plugin_client",
				);
				OTHER_LDFLAGS = "-bundle -lSynthesizer";
				PRODUCT_BUNDLE_IDENTIFIER = com.yourcompany.Synthesizer;
				PRODUCT_NAME = "Synthesizer";
				USE_HEADERMAP = NO;
				VALID_ARCHS = "i386 x86_64 arm64 arm64e";
				WRAPPER_EXTENSION = vst3;
			};
			name = Debug;
		};
		7DA7FD263867F5099D010134 = {
			isa = XCBuildConfiguration;
			buildSettings = {
				CLANG_CXX_LANGUAGE_STANDARD = "c++14";
				CLANG_CXX_LIBRARY = "libc++";
				CLANG_LINK_OBJC_RUNTIME = NO;
				CODE_SIGN_IDENTITY = "";
				COMBINE_HIDPI_IMAGES = YES;
				CONFIGURATION_BUILD_DIR = "$(PROJECT_DIR)/build/$(CONFIGURATION)";
				DEAD_CODE_STRIPPING = YES;
				DEPLOYMENT_LOCATION = YES;
				DSTROOT = /;
				GCC_GENERATE_DEBUGGING_SYMBOLS = NO;
				GCC_OPTIMIZATION_LEVEL = 3;
				GCC_PREPROCESSOR_DEFINITIONS = (
					"_NDEBUG=1",
					"NDEBUG=1",
					"JUCE_DISPLAY_SPLASH_SCREEN=1",
					"JUCE_USE_DARK_SPLASH_SCREEN=1",
					"JUCE_PROJUCER_VERSION=0x60004",
					"JUCE_MODULE_AVAILABLE_juce_audio_basics=1",
					"JUCE_MODULE_AVAILABLE_juce_audio_devices=1",
					"JUCE_MODULE_AVAILABLE_juce_audio_formats=1",
					"JUCE_MODULE_AVAILABLE_juce_audio_plugin_client=1",
					"JUCE_MODULE_AVAILABLE_juce_audio_processors=1",
					"JUCE_MODULE_AVAILABLE_juce_audio_utils=1",
					"JUCE_MODULE_AVAILABLE_juce_core=1",
					"JUCE_MODULE_AVAILABLE_juce_data_structures=1",
					"JUCE_MODULE_AVAILABLE_juce_events=1",
					"JUCE_MODULE_AVAILABLE_juce_graphics=1",
					"JUCE_MODULE_AVAILABLE_juce_gui_basics=1",
					"JUCE_MODULE_AVAILABLE_juce_gui_extra=1",
					"JUCE_GLOBAL_MODULE_SETTINGS_INCLUDED=1",
					"JUCE_VST3_CAN_REPLACE_VST2=0",
					"JUCE_STRICT_REFCOUNTEDPOINTER=1",
					"JucePlugin_Build_VST=0",
					"JucePlugin_Build_VST3=1",
					"JucePlugin_Build_AU=0",
					"JucePlugin_Build_AUv3=0",
					"JucePlugin_Build_RTAS=0",
					"JucePlugin_Build_AAX=0",
					"JucePlugin_Build_Standalone=0",
					"JucePlugin_Build_Unity=0",
					"JucePlugin_Enable_IAA=0",
					"JucePlugin_Name=\\\"Synthesizer\\\"",
					"JucePlugin_Desc=\\\"Synthesizer\\\"",
					"JucePlugin_Manufacturer=\\\"yourcompany\\\"",
					"JucePlugin_ManufacturerWebsite=\\\"\\\"",
					"JucePlugin_ManufacturerEmail=\\\"\\\"",
					"JucePlugin_ManufacturerCode=0x4d616e75",
					"JucePlugin_PluginCode=0x4e6f6b72",
					"JucePlugin_IsSynth=1",
					"JucePlugin_WantsMidiInput=1",
					"JucePlugin_ProducesMidiOutput=1",
					"JucePlugin_IsMidiEffect=0",
					"JucePlugin_EditorRequiresKeyboardFocus=0",
					"JucePlugin_Version=1.0.0",
					"JucePlugin_VersionCode=0x10000",
					"JucePlugin_VersionString=\\\"1.0.0\\\"",
					"JucePlugin_VSTUniqueID=JucePlugin_PluginCode",
					"JucePlugin_VSTCategory=kPlugCategSynth",
					"JucePlugin_Vst3Category=\\\"Instrument|Synth\\\"",
					"JucePlugin_AUMainType='aumu'",
					"JucePlugin_AUSubType=JucePlugin_PluginCode",
					"JucePlugin_AUExportPrefix=SynthesizerAU",
					"JucePlugin_AUExportPrefixQuoted=\\\"SynthesizerAU\\\"",
					"JucePlugin_AUManufacturerCode=JucePlugin_ManufacturerCode",
					"JucePlugin_CFBundleIdentifier=com.yourcompany.Synthesizer",
					"JucePlugin_RTASCategory=2048",
					"JucePlugin_RTASManufacturerCode=JucePlugin_ManufacturerCode",
					"JucePlugin_RTASProductId=JucePlugin_PluginCode",
					"JucePlugin_RTASDisableBypass=0",
					"JucePlugin_RTASDisableMultiMono=0",
					"JucePlugin_AAXIdentifier=com.yourcompany.Synthesizer",
					"JucePlugin_AAXManufacturerCode=JucePlugin_ManufacturerCode",
					"JucePlugin_AAXProductId=JucePlugin_PluginCode",
					"JucePlugin_AAXCategory=2048",
					"JucePlugin_AAXDisableBypass=0",
					"JucePlugin_AAXDisableMultiMono=0",
					"JucePlugin_IAAType=0x61757269",
					"JucePlugin_IAASubType=JucePlugin_PluginCode",
					"JucePlugin_IAAName=\\\"yourcompany:\\ Synthesizer\\\"",
					"JucePlugin_VSTNumMidiInputs=16",
					"JucePlugin_VSTNumMidiOutputs=16",
					"JUCE_STANDALONE_APPLICATION=JucePlugin_Build_Standalone",
					"JUCER_XCODE_MAC_F6D2F4CF=1",
					"JUCE_APP_VERSION=1.0.0",
					"JUCE_APP_VERSION_HEX=0x10000",
				);
				GCC_VERSION = com.apple.compilers.llvm.clang.1_0;
				GENERATE_PKGINFO_FILE = YES;
				HEADER_SEARCH_PATHS = (
					"/Applications/JUCE/modules/juce_audio_processors/format_types/VST3_SDK",
					"../../JuceLibraryCode",
					"../../JuceLibraryCode/modules",
					"/Applications/JUCE/modules",
					"/Applications/JUCE/modules/juce_audio_plugin_client",
					"$(inherited)",
				);
				INFOPLIST_FILE = Info-VST3.plist;
				INFOPLIST_PREPROCESS = NO;
				INSTALL_PATH = "$(HOME)/Library/Audio/Plug-Ins/VST3/";
				LIBRARY_STYLE = Bundle;
				LLVM_LTO = YES;
				MACOSX_DEPLOYMENT_TARGET = 10.11;
				MTL_HEADER_SEARCH_PATHS = (
					"/Applications/JUCE/modules/juce_audio_processors/format_types/VST3_SDK",
					"../../JuceLibraryCode",
					"../../JuceLibraryCode/modules",
					"/Applications/JUCE/modules",
					"/Applications/JUCE/modules/juce_audio_plugin_client",
				);
				OTHER_LDFLAGS = "-bundle -lSynthesizer";
				PRODUCT_BUNDLE_IDENTIFIER = com.yourcompany.Synthesizer;
				PRODUCT_NAME = "Synthesizer";
				USE_HEADERMAP = NO;
				VALID_ARCHS = "i386 x86_64 arm64 arm64e";
				WRAPPER_EXTENSION = vst3;
			};
			name = Release;
		};
		D9EF72D66AF56B48EA7AAC93 = {
			isa = XCBuildConfiguration;
			buildSettings = {
				CLANG_CXX_LANGUAGE_STANDARD = "c++14";
				CLANG_CXX_LIBRARY = "libc++";
				CLANG_LINK_OBJC_RUNTIME = NO;
				CODE_SIGN_IDENTITY = "";
				COMBINE_HIDPI_IMAGES = YES;
				CONFIGURATION_BUILD_DIR = "$(PROJECT_DIR)/build/$(CONFIGURATION)";
				COPY_PHASE_STRIP = NO;
				DEPLOYMENT_LOCATION = YES;
				DSTROOT = /;
				GCC_DYNAMIC_NO_PIC = NO;
				GCC_OPTIMIZATION_LEVEL = 0;
				GCC_PREPROCESSOR_DEFINITIONS = (
					"_DEBUG=1",
					"DEBUG=1",
					"JUCE_DISPLAY_SPLASH_SCREEN=1",
					"JUCE_USE_DARK_SPLASH_SCREEN=1",
					"JUCE_PROJUCER_VERSION=0x60004",
					"JUCE_MODULE_AVAILABLE_juce_audio_basics=1",
					"JUCE_MODULE_AVAILABLE_juce_audio_devices=1",
					"JUCE_MODULE_AVAILABLE_juce_audio_formats=1",
					"JUCE_MODULE_AVAILABLE_juce_audio_plugin_client=1",
					"JUCE_MODULE_AVAILABLE_juce_audio_processors=1",
					"JUCE_MODULE_AVAILABLE_juce_audio_utils=1",
					"JUCE_MODULE_AVAILABLE_juce_core=1",
					"JUCE_MODULE_AVAILABLE_juce_data_structures=1",
					"JUCE_MODULE_AVAILABLE_juce_events=1",
					"JUCE_MODULE_AVAILABLE_juce_graphics=1",
					"JUCE_MODULE_AVAILABLE_juce_gui_basics=1",
					"JUCE_MODULE_AVAILABLE_juce_gui_extra=1",
					"JUCE_GLOBAL_MODULE_SETTINGS_INCLUDED=1",
					"JUCE_VST3_CAN_REPLACE_VST2=0",
					"JUCE_STRICT_REFCOUNTEDPOINTER=1",
					"JucePlugin_Build_VST=0",
					"JucePlugin_Build_VST3=0",
					"JucePlugin_Build_AU=1",
					"JucePlugin_Build_AUv3=0",
					"JucePlugin_Build_RTAS=0",
					"JucePlugin_Build_AAX=0",
					"JucePlugin_Build_Standalone=0",
					"JucePlugin_Build_Unity=0",
					"JucePlugin_Enable_IAA=0",
					"JucePlugin_Name=\\\"Synthesizer\\\"",
					"JucePlugin_Desc=\\\"Synthesizer\\\"",
					"JucePlugin_Manufacturer=\\\"yourcompany\\\"",
					"JucePlugin_ManufacturerWebsite=\\\"\\\"",
					"JucePlugin_ManufacturerEmail=\\\"\\\"",
					"JucePlugin_ManufacturerCode=0x4d616e75",
					"JucePlugin_PluginCode=0x4e6f6b72",
					"JucePlugin_IsSynth=1",
					"JucePlugin_WantsMidiInput=1",
					"JucePlugin_ProducesMidiOutput=1",
					"JucePlugin_IsMidiEffect=0",
					"JucePlugin_EditorRequiresKeyboardFocus=0",
					"JucePlugin_Version=1.0.0",
					"JucePlugin_VersionCode=0x10000",
					"JucePlugin_VersionString=\\\"1.0.0\\\"",
					"JucePlugin_VSTUniqueID=JucePlugin_PluginCode",
					"JucePlugin_VSTCategory=kPlugCategSynth",
					"JucePlugin_Vst3Category=\\\"Instrument|Synth\\\"",
					"JucePlugin_AUMainType='aumu'",
					"JucePlugin_AUSubType=JucePlugin_PluginCode",
					"JucePlugin_AUExportPrefix=SynthesizerAU",
					"JucePlugin_AUExportPrefixQuoted=\\\"SynthesizerAU\\\"",
					"JucePlugin_AUManufacturerCode=JucePlugin_ManufacturerCode",
					"JucePlugin_CFBundleIdentifier=com.yourcompany.Synthesizer",
					"JucePlugin_RTASCategory=2048",
					"JucePlugin_RTASManufacturerCode=JucePlugin_ManufacturerCode",
					"JucePlugin_RTASProductId=JucePlugin_PluginCode",
					"JucePlugin_RTASDisableBypass=0",
					"JucePlugin_RTASDisableMultiMono=0",
					"JucePlugin_AAXIdentifier=com.yourcompany.Synthesizer",
					"JucePlugin_AAXManufacturerCode=JucePlugin_ManufacturerCode",
					"JucePlugin_AAXProductId=JucePlugin_PluginCode",
					"JucePlugin_AAXCategory=2048",
					"JucePlugin_AAXDisableBypass=0",
					"JucePlugin_AAXDisableMultiMono=0",
					"JucePlugin_IAAType=0x61757269",
					"JucePlugin_IAASubType=JucePlugin_PluginCode",
					"JucePlugin_IAAName=\\\"yourcompany:\\ Synthesizer\\\"",
					"JucePlugin_VSTNumMidiInputs=16",
					"JucePlugin_VSTNumMidiOutputs=16",
					"JUCE_STANDALONE_APPLICATION=JucePlugin_Build_Standalone",
					"JUCER_XCODE_MAC_F6D2F4CF=1",
					"JUCE_APP_VERSION=1.0.0",
					"JUCE_APP_VERSION_HEX=0x10000",
				);
				GCC_VERSION = com.apple.compilers.llvm.clang.1_0;
				GENERATE_PKGINFO_FILE = YES;
				HEADER_SEARCH_PATHS = (
					"/Applications/JUCE/modules/juce_audio_processors/format_types/VST3_SDK",
					"../../JuceLibraryCode",
					"../../JuceLibraryCode/modules",
					"/Applications/JUCE/modules",
					"/Users/vincenthuang/JUCEProjects/Synthesizer/Maximilian",
					"/Applications/JUCE/modules/juce_audio_plugin_client",
					"$(inherited)",
				);
				INFOPLIST_FILE = Info-AU.plist;
				INFOPLIST_PREPROCESS = NO;
				INSTALL_PATH = "$(HOME)/Library/Audio/Plug-Ins/Components/";
				LIBRARY_STYLE = Bundle;
				MACOSX_DEPLOYMENT_TARGET = 10.11;
				MTL_HEADER_SEARCH_PATHS = (
					"/Applications/JUCE/modules/juce_audio_processors/format_types/VST3_SDK",
					"../../JuceLibraryCode",
					"../../JuceLibraryCode/modules",
					"/Applications/JUCE/modules",
					"/Users/vincenthuang/JUCEProjects/Synthesizer/Maximilian",
					"/Applications/JUCE/modules/juce_audio_plugin_client",
				);
				OTHER_LDFLAGS = "-bundle -lSynthesizer";
				OTHER_REZFLAGS = "-d ppc_$ppc -d i386_$i386 -d ppc64_$ppc64 -d x86_64_$x86_64 -I /System/Library/Frameworks/CoreServices.framework/Frameworks/CarbonCore.framework/Versions/A/Headers -I \"$(DEVELOPER_DIR)/Extras/CoreAudio/AudioUnits/AUPublic/AUBase\" -I \"$(DEVELOPER_DIR)/Platforms/MacOSX.platform/Developer/SDKs/MacOSX.sdk/System/Library/Frameworks/AudioUnit.framework/Headers\"";
				PRODUCT_BUNDLE_IDENTIFIER = com.yourcompany.Synthesizer;
				PRODUCT_NAME = "Synthesizer";
				USE_HEADERMAP = NO;
				VALID_ARCHS = "i386 x86_64 arm64 arm64e";
				WRAPPER_EXTENSION = component;
			};
			name = Debug;
		};
		EB086BB231BFA9BDBEA223A3 = {
			isa = XCBuildConfiguration;
			buildSettings = {
				CLANG_CXX_LANGUAGE_STANDARD = "c++14";
				CLANG_CXX_LIBRARY = "libc++";
				CLANG_LINK_OBJC_RUNTIME = NO;
				CODE_SIGN_IDENTITY = "";
				COMBINE_HIDPI_IMAGES = YES;
				CONFIGURATION_BUILD_DIR = "$(PROJECT_DIR)/build/$(CONFIGURATION)";
				DEAD_CODE_STRIPPING = YES;
				DEPLOYMENT_LOCATION = YES;
				DSTROOT = /;
				GCC_GENERATE_DEBUGGING_SYMBOLS = NO;
				GCC_OPTIMIZATION_LEVEL = 3;
				GCC_PREPROCESSOR_DEFINITIONS = (
					"_NDEBUG=1",
					"NDEBUG=1",
					"JUCE_DISPLAY_SPLASH_SCREEN=1",
					"JUCE_USE_DARK_SPLASH_SCREEN=1",
					"JUCE_PROJUCER_VERSION=0x60004",
					"JUCE_MODULE_AVAILABLE_juce_audio_basics=1",
					"JUCE_MODULE_AVAILABLE_juce_audio_devices=1",
					"JUCE_MODULE_AVAILABLE_juce_audio_formats=1",
					"JUCE_MODULE_AVAILABLE_juce_audio_plugin_client=1",
					"JUCE_MODULE_AVAILABLE_juce_audio_processors=1",
					"JUCE_MODULE_AVAILABLE_juce_audio_utils=1",
					"JUCE_MODULE_AVAILABLE_juce_core=1",
					"JUCE_MODULE_AVAILABLE_juce_data_structures=1",
					"JUCE_MODULE_AVAILABLE_juce_events=1",
					"JUCE_MODULE_AVAILABLE_juce_graphics=1",
					"JUCE_MODULE_AVAILABLE_juce_gui_basics=1",
					"JUCE_MODULE_AVAILABLE_juce_gui_extra=1",
					"JUCE_GLOBAL_MODULE_SETTINGS_INCLUDED=1",
					"JUCE_VST3_CAN_REPLACE_VST2=0",
					"JUCE_STRICT_REFCOUNTEDPOINTER=1",
					"JucePlugin_Build_VST=0",
					"JucePlugin_Build_VST3=0",
					"JucePlugin_Build_AU=1",
					"JucePlugin_Build_AUv3=0",
					"JucePlugin_Build_RTAS=0",
					"JucePlugin_Build_AAX=0",
					"JucePlugin_Build_Standalone=0",
					"JucePlugin_Build_Unity=0",
					"JucePlugin_Enable_IAA=0",
					"JucePlugin_Name=\\\"Synthesizer\\\"",
					"JucePlugin_Desc=\\\"Synthesizer\\\"",
					"JucePlugin_Manufacturer=\\\"yourcompany\\\"",
					"JucePlugin_ManufacturerWebsite=\\\"\\\"",
					"JucePlugin_ManufacturerEmail=\\\"\\\"",
					"JucePlugin_ManufacturerCode=0x4d616e75",
					"JucePlugin_PluginCode=0x4e6f6b72",
					"JucePlugin_IsSynth=1",
					"JucePlugin_WantsMidiInput=1",
					"JucePlugin_ProducesMidiOutput=1",
					"JucePlugin_IsMidiEffect=0",
					"JucePlugin_EditorRequiresKeyboardFocus=0",
					"JucePlugin_Version=1.0.0",
					"JucePlugin_VersionCode=0x10000",
					"JucePlugin_VersionString=\\\"1.0.0\\\"",
					"JucePlugin_VSTUniqueID=JucePlugin_PluginCode",
					"JucePlugin_VSTCategory=kPlugCategSynth",
					"JucePlugin_Vst3Category=\\\"Instrument|Synth\\\"",
					"JucePlugin_AUMainType='aumu'",
					"JucePlugin_AUSubType=JucePlugin_PluginCode",
					"JucePlugin_AUExportPrefix=SynthesizerAU",
					"JucePlugin_AUExportPrefixQuoted=\\\"SynthesizerAU\\\"",
					"JucePlugin_AUManufacturerCode=JucePlugin_ManufacturerCode",
					"JucePlugin_CFBundleIdentifier=com.yourcompany.Synthesizer",
					"JucePlugin_RTASCategory=2048",
					"JucePlugin_RTASManufacturerCode=JucePlugin_ManufacturerCode",
					"JucePlugin_RTASProductId=JucePlugin_PluginCode",
					"JucePlugin_RTASDisableBypass=0",
					"JucePlugin_RTASDisableMultiMono=0",
					"JucePlugin_AAXIdentifier=com.yourcompany.Synthesizer",
					"JucePlugin_AAXManufacturerCode=JucePlugin_ManufacturerCode",
					"JucePlugin_AAXProductId=JucePlugin_PluginCode",
					"JucePlugin_AAXCategory=2048",
					"JucePlugin_AAXDisableBypass=0",
					"JucePlugin_AAXDisableMultiMono=0",
					"JucePlugin_IAAType=0x61757269",
					"JucePlugin_IAASubType=JucePlugin_PluginCode",
					"JucePlugin_IAAName=\\\"yourcompany:\\ Synthesizer\\\"",
					"JucePlugin_VSTNumMidiInputs=16",
					"JucePlugin_VSTNumMidiOutputs=16",
					"JUCE_STANDALONE_APPLICATION=JucePlugin_Build_Standalone",
					"JUCER_XCODE_MAC_F6D2F4CF=1",
					"JUCE_APP_VERSION=1.0.0",
					"JUCE_APP_VERSION_HEX=0x10000",
				);
				GCC_VERSION = com.apple.compilers.llvm.clang.1_0;
				GENERATE_PKGINFO_FILE = YES;
				HEADER_SEARCH_PATHS = (
					"/Applications/JUCE/modules/juce_audio_processors/format_types/VST3_SDK",
					"../../JuceLibraryCode",
					"../../JuceLibraryCode/modules",
					"/Applications/JUCE/modules",
					"/Applications/JUCE/modules/juce_audio_plugin_client",
					"$(inherited)",
				);
				INFOPLIST_FILE = Info-AU.plist;
				INFOPLIST_PREPROCESS = NO;
				INSTALL_PATH = "$(HOME)/Library/Audio/Plug-Ins/Components/";
				LIBRARY_STYLE = Bundle;
				LLVM_LTO = YES;
				MACOSX_DEPLOYMENT_TARGET = 10.11;
				MTL_HEADER_SEARCH_PATHS = (
					"/Applications/JUCE/modules/juce_audio_processors/format_types/VST3_SDK",
					"../../JuceLibraryCode",
					"../../JuceLibraryCode/modules",
					"/Applications/JUCE/modules",
					"/Applications/JUCE/modules/juce_audio_plugin_client",
				);
				OTHER_LDFLAGS = "-bundle -lSynthesizer";
				OTHER_REZFLAGS = "-d ppc_$ppc -d i386_$i386 -d ppc64_$ppc64 -d x86_64_$x86_64 -I /System/Library/Frameworks/CoreServices.framework/Frameworks/CarbonCore.framework/Versions/A/Headers -I \"$(DEVELOPER_DIR)/Extras/CoreAudio/AudioUnits/AUPublic/AUBase\" -I \"$(DEVELOPER_DIR)/Platforms/MacOSX.platform/Developer/SDKs/MacOSX.sdk/System/Library/Frameworks/AudioUnit.framework/Headers\"";
				PRODUCT_BUNDLE_IDENTIFIER = com.yourcompany.Synthesizer;
				PRODUCT_NAME = "Synthesizer";
				USE_HEADERMAP = NO;
				VALID_ARCHS = "i386 x86_64 arm64 arm64e";
				WRAPPER_EXTENSION = component;
			};
			name = Release;
		};
		69C461CD747E5F9F59E7BCBF = {
			isa = XCBuildConfiguration;
			buildSettings = {
				CLANG_CXX_LANGUAGE_STANDARD = "c++14";
				CLANG_CXX_LIBRARY = "libc++";
				CLANG_LINK_OBJC_RUNTIME = NO;
				CODE_SIGN_IDENTITY = "";
				COMBINE_HIDPI_IMAGES = YES;
				CONFIGURATION_BUILD_DIR = "$(PROJECT_DIR)/build/$(CONFIGURATION)";
				COPY_PHASE_STRIP = NO;
				GCC_DYNAMIC_NO_PIC = NO;
				GCC_OPTIMIZATION_LEVEL = 0;
				GCC_PREPROCESSOR_DEFINITIONS = (
					"_DEBUG=1",
					"DEBUG=1",
					"JUCE_DISPLAY_SPLASH_SCREEN=1",
					"JUCE_USE_DARK_SPLASH_SCREEN=1",
					"JUCE_PROJUCER_VERSION=0x60004",
					"JUCE_MODULE_AVAILABLE_juce_audio_basics=1",
					"JUCE_MODULE_AVAILABLE_juce_audio_devices=1",
					"JUCE_MODULE_AVAILABLE_juce_audio_formats=1",
					"JUCE_MODULE_AVAILABLE_juce_audio_plugin_client=1",
					"JUCE_MODULE_AVAILABLE_juce_audio_processors=1",
					"JUCE_MODULE_AVAILABLE_juce_audio_utils=1",
					"JUCE_MODULE_AVAILABLE_juce_core=1",
					"JUCE_MODULE_AVAILABLE_juce_data_structures=1",
					"JUCE_MODULE_AVAILABLE_juce_events=1",
					"JUCE_MODULE_AVAILABLE_juce_graphics=1",
					"JUCE_MODULE_AVAILABLE_juce_gui_basics=1",
					"JUCE_MODULE_AVAILABLE_juce_gui_extra=1",
					"JUCE_GLOBAL_MODULE_SETTINGS_INCLUDED=1",
					"JUCE_VST3_CAN_REPLACE_VST2=0",
					"JUCE_STRICT_REFCOUNTEDPOINTER=1",
					"JucePlugin_Build_VST=0",
					"JucePlugin_Build_VST3=0",
					"JucePlugin_Build_AU=0",
					"JucePlugin_Build_AUv3=0",
					"JucePlugin_Build_RTAS=0",
					"JucePlugin_Build_AAX=0",
					"JucePlugin_Build_Standalone=1",
					"JucePlugin_Build_Unity=0",
					"JucePlugin_Enable_IAA=0",
					"JucePlugin_Name=\\\"Synthesizer\\\"",
					"JucePlugin_Desc=\\\"Synthesizer\\\"",
					"JucePlugin_Manufacturer=\\\"yourcompany\\\"",
					"JucePlugin_ManufacturerWebsite=\\\"\\\"",
					"JucePlugin_ManufacturerEmail=\\\"\\\"",
					"JucePlugin_ManufacturerCode=0x4d616e75",
					"JucePlugin_PluginCode=0x4e6f6b72",
					"JucePlugin_IsSynth=1",
					"JucePlugin_WantsMidiInput=1",
					"JucePlugin_ProducesMidiOutput=1",
					"JucePlugin_IsMidiEffect=0",
					"JucePlugin_EditorRequiresKeyboardFocus=0",
					"JucePlugin_Version=1.0.0",
					"JucePlugin_VersionCode=0x10000",
					"JucePlugin_VersionString=\\\"1.0.0\\\"",
					"JucePlugin_VSTUniqueID=JucePlugin_PluginCode",
					"JucePlugin_VSTCategory=kPlugCategSynth",
					"JucePlugin_Vst3Category=\\\"Instrument|Synth\\\"",
					"JucePlugin_AUMainType='aumu'",
					"JucePlugin_AUSubType=JucePlugin_PluginCode",
					"JucePlugin_AUExportPrefix=SynthesizerAU",
					"JucePlugin_AUExportPrefixQuoted=\\\"SynthesizerAU\\\"",
					"JucePlugin_AUManufacturerCode=JucePlugin_ManufacturerCode",
					"JucePlugin_CFBundleIdentifier=com.yourcompany.Synthesizer",
					"JucePlugin_RTASCategory=2048",
					"JucePlugin_RTASManufacturerCode=JucePlugin_ManufacturerCode",
					"JucePlugin_RTASProductId=JucePlugin_PluginCode",
					"JucePlugin_RTASDisableBypass=0",
					"JucePlugin_RTASDisableMultiMono=0",
					"JucePlugin_AAXIdentifier=com.yourcompany.Synthesizer",
					"JucePlugin_AAXManufacturerCode=JucePlugin_ManufacturerCode",
					"JucePlugin_AAXProductId=JucePlugin_PluginCode",
					"JucePlugin_AAXCategory=2048",
					"JucePlugin_AAXDisableBypass=0",
					"JucePlugin_AAXDisableMultiMono=0",
					"JucePlugin_IAAType=0x61757269",
					"JucePlugin_IAASubType=JucePlugin_PluginCode",
					"JucePlugin_IAAName=\\\"yourcompany:\\ Synthesizer\\\"",
					"JucePlugin_VSTNumMidiInputs=16",
					"JucePlugin_VSTNumMidiOutputs=16",
					"JUCE_STANDALONE_APPLICATION=JucePlugin_Build_Standalone",
					"JUCER_XCODE_MAC_F6D2F4CF=1",
					"JUCE_APP_VERSION=1.0.0",
					"JUCE_APP_VERSION_HEX=0x10000",
				);
				GCC_VERSION = com.apple.compilers.llvm.clang.1_0;
				HEADER_SEARCH_PATHS = (
					"/Applications/JUCE/modules/juce_audio_processors/format_types/VST3_SDK",
					"../../JuceLibraryCode",
					"../../JuceLibraryCode/modules",
					"/Applications/JUCE/modules",
					"/Users/vincenthuang/JUCEProjects/Synthesizer/Maximilian",
					"/Applications/JUCE/modules/juce_audio_plugin_client",
					"$(inherited)",
				);
				INFOPLIST_FILE = Info-Standalone_Plugin.plist;
				INFOPLIST_PREPROCESS = NO;
				MACOSX_DEPLOYMENT_TARGET = 10.11;
				MTL_HEADER_SEARCH_PATHS = (
					"/Applications/JUCE/modules/juce_audio_processors/format_types/VST3_SDK",
					"../../JuceLibraryCode",
					"../../JuceLibraryCode/modules",
					"/Applications/JUCE/modules",
					"/Users/vincenthuang/JUCEProjects/Synthesizer/Maximilian",
					"/Applications/JUCE/modules/juce_audio_plugin_client",
				);
				OTHER_LDFLAGS = "-lSynthesizer";
				PRODUCT_BUNDLE_IDENTIFIER = com.yourcompany.Synthesizer;
				PRODUCT_NAME = "Synthesizer";
				USE_HEADERMAP = NO;
				VALID_ARCHS = "i386 x86_64 arm64 arm64e";
			};
			name = Debug;
		};
		055361D3EB58001585613B4D = {
			isa = XCBuildConfiguration;
			buildSettings = {
				CLANG_CXX_LANGUAGE_STANDARD = "c++14";
				CLANG_CXX_LIBRARY = "libc++";
				CLANG_LINK_OBJC_RUNTIME = NO;
				CODE_SIGN_IDENTITY = "";
				COMBINE_HIDPI_IMAGES = YES;
				CONFIGURATION_BUILD_DIR = "$(PROJECT_DIR)/build/$(CONFIGURATION)";
				DEAD_CODE_STRIPPING = YES;
				GCC_GENERATE_DEBUGGING_SYMBOLS = NO;
				GCC_OPTIMIZATION_LEVEL = 3;
				GCC_PREPROCESSOR_DEFINITIONS = (
					"_NDEBUG=1",
					"NDEBUG=1",
					"JUCE_DISPLAY_SPLASH_SCREEN=1",
					"JUCE_USE_DARK_SPLASH_SCREEN=1",
					"JUCE_PROJUCER_VERSION=0x60004",
					"JUCE_MODULE_AVAILABLE_juce_audio_basics=1",
					"JUCE_MODULE_AVAILABLE_juce_audio_devices=1",
					"JUCE_MODULE_AVAILABLE_juce_audio_formats=1",
					"JUCE_MODULE_AVAILABLE_juce_audio_plugin_client=1",
					"JUCE_MODULE_AVAILABLE_juce_audio_processors=1",
					"JUCE_MODULE_AVAILABLE_juce_audio_utils=1",
					"JUCE_MODULE_AVAILABLE_juce_core=1",
					"JUCE_MODULE_AVAILABLE_juce_data_structures=1",
					"JUCE_MODULE_AVAILABLE_juce_events=1",
					"JUCE_MODULE_AVAILABLE_juce_graphics=1",
					"JUCE_MODULE_AVAILABLE_juce_gui_basics=1",
					"JUCE_MODULE_AVAILABLE_juce_gui_extra=1",
					"JUCE_GLOBAL_MODULE_SETTINGS_INCLUDED=1",
					"JUCE_VST3_CAN_REPLACE_VST2=0",
					"JUCE_STRICT_REFCOUNTEDPOINTER=1",
					"JucePlugin_Build_VST=0",
					"JucePlugin_Build_VST3=0",
					"JucePlugin_Build_AU=0",
					"JucePlugin_Build_AUv3=0",
					"JucePlugin_Build_RTAS=0",
					"JucePlugin_Build_AAX=0",
					"JucePlugin_Build_Standalone=1",
					"JucePlugin_Build_Unity=0",
					"JucePlugin_Enable_IAA=0",
					"JucePlugin_Name=\\\"Synthesizer\\\"",
					"JucePlugin_Desc=\\\"Synthesizer\\\"",
					"JucePlugin_Manufacturer=\\\"yourcompany\\\"",
					"JucePlugin_ManufacturerWebsite=\\\"\\\"",
					"JucePlugin_ManufacturerEmail=\\\"\\\"",
					"JucePlugin_ManufacturerCode=0x4d616e75",
					"JucePlugin_PluginCode=0x4e6f6b72",
					"JucePlugin_IsSynth=1",
					"JucePlugin_WantsMidiInput=1",
					"JucePlugin_ProducesMidiOutput=1",
					"JucePlugin_IsMidiEffect=0",
					"JucePlugin_EditorRequiresKeyboardFocus=0",
					"JucePlugin_Version=1.0.0",
					"JucePlugin_VersionCode=0x10000",
					"JucePlugin_VersionString=\\\"1.0.0\\\"",
					"JucePlugin_VSTUniqueID=JucePlugin_PluginCode",
					"JucePlugin_VSTCategory=kPlugCategSynth",
					"JucePlugin_Vst3Category=\\\"Instrument|Synth\\\"",
					"JucePlugin_AUMainType='aumu'",
					"JucePlugin_AUSubType=JucePlugin_PluginCode",
					"JucePlugin_AUExportPrefix=SynthesizerAU",
					"JucePlugin_AUExportPrefixQuoted=\\\"SynthesizerAU\\\"",
					"JucePlugin_AUManufacturerCode=JucePlugin_ManufacturerCode",
					"JucePlugin_CFBundleIdentifier=com.yourcompany.Synthesizer",
					"JucePlugin_RTASCategory=2048",
					"JucePlugin_RTASManufacturerCode=JucePlugin_ManufacturerCode",
					"JucePlugin_RTASProductId=JucePlugin_PluginCode",
					"JucePlugin_RTASDisableBypass=0",
					"JucePlugin_RTASDisableMultiMono=0",
					"JucePlugin_AAXIdentifier=com.yourcompany.Synthesizer",
					"JucePlugin_AAXManufacturerCode=JucePlugin_ManufacturerCode",
					"JucePlugin_AAXProductId=JucePlugin_PluginCode",
					"JucePlugin_AAXCategory=2048",
					"JucePlugin_AAXDisableBypass=0",
					"JucePlugin_AAXDisableMultiMono=0",
					"JucePlugin_IAAType=0x61757269",
					"JucePlugin_IAASubType=JucePlugin_PluginCode",
					"JucePlugin_IAAName=\\\"yourcompany:\\ Synthesizer\\\"",
					"JucePlugin_VSTNumMidiInputs=16",
					"JucePlugin_VSTNumMidiOutputs=16",
					"JUCE_STANDALONE_APPLICATION=JucePlugin_Build_Standalone",
					"JUCER_XCODE_MAC_F6D2F4CF=1",
					"JUCE_APP_VERSION=1.0.0",
					"JUCE_APP_VERSION_HEX=0x10000",
				);
				GCC_VERSION = com.apple.compilers.llvm.clang.1_0;
				HEADER_SEARCH_PATHS = (
					"/Applications/JUCE/modules/juce_audio_processors/format_types/VST3_SDK",
					"../../JuceLibraryCode",
					"../../JuceLibraryCode/modules",
					"/Applications/JUCE/modules",
					"/Applications/JUCE/modules/juce_audio_plugin_client",
					"$(inherited)",
				);
				INFOPLIST_FILE = Info-Standalone_Plugin.plist;
				INFOPLIST_PREPROCESS = NO;
				LLVM_LTO = YES;
				MACOSX_DEPLOYMENT_TARGET = 10.11;
				MTL_HEADER_SEARCH_PATHS = (
					"/Applications/JUCE/modules/juce_audio_processors/format_types/VST3_SDK",
					"../../JuceLibraryCode",
					"../../JuceLibraryCode/modules",
					"/Applications/JUCE/modules",
					"/Applications/JUCE/modules/juce_audio_plugin_client",
				);
				OTHER_LDFLAGS = "-lSynthesizer";
				PRODUCT_BUNDLE_IDENTIFIER = com.yourcompany.Synthesizer;
				PRODUCT_NAME = "Synthesizer";
				USE_HEADERMAP = NO;
				VALID_ARCHS = "i386 x86_64 arm64 arm64e";
			};
			name = Release;
		};
		5C6F3C2BD0A3F48F8BAF205E = {
			isa = XCBuildConfiguration;
			buildSettings = {
				CLANG_CXX_LANGUAGE_STANDARD = "c++14";
				CLANG_CXX_LIBRARY = "libc++";
				CLANG_LINK_OBJC_RUNTIME = NO;
				CODE_SIGN_IDENTITY = "";
				COMBINE_HIDPI_IMAGES = YES;
				CONFIGURATION_BUILD_DIR = "$(PROJECT_DIR)/build/$(CONFIGURATION)";
				COPY_PHASE_STRIP = NO;
				GCC_DYNAMIC_NO_PIC = NO;
				GCC_OPTIMIZATION_LEVEL = 0;
				GCC_PREPROCESSOR_DEFINITIONS = (
					"_DEBUG=1",
					"DEBUG=1",
					"JUCE_DISPLAY_SPLASH_SCREEN=1",
					"JUCE_USE_DARK_SPLASH_SCREEN=1",
					"JUCE_PROJUCER_VERSION=0x60004",
					"JUCE_MODULE_AVAILABLE_juce_audio_basics=1",
					"JUCE_MODULE_AVAILABLE_juce_audio_devices=1",
					"JUCE_MODULE_AVAILABLE_juce_audio_formats=1",
					"JUCE_MODULE_AVAILABLE_juce_audio_plugin_client=1",
					"JUCE_MODULE_AVAILABLE_juce_audio_processors=1",
					"JUCE_MODULE_AVAILABLE_juce_audio_utils=1",
					"JUCE_MODULE_AVAILABLE_juce_core=1",
					"JUCE_MODULE_AVAILABLE_juce_data_structures=1",
					"JUCE_MODULE_AVAILABLE_juce_events=1",
					"JUCE_MODULE_AVAILABLE_juce_graphics=1",
					"JUCE_MODULE_AVAILABLE_juce_gui_basics=1",
					"JUCE_MODULE_AVAILABLE_juce_gui_extra=1",
					"JUCE_GLOBAL_MODULE_SETTINGS_INCLUDED=1",
					"JUCE_VST3_CAN_REPLACE_VST2=0",
					"JUCE_STRICT_REFCOUNTEDPOINTER=1",
					"JucePlugin_Build_VST=0",
					"JucePlugin_Build_VST3=1",
					"JucePlugin_Build_AU=1",
					"JucePlugin_Build_AUv3=0",
					"JucePlugin_Build_RTAS=0",
					"JucePlugin_Build_AAX=0",
					"JucePlugin_Build_Standalone=1",
					"JucePlugin_Build_Unity=0",
					"JucePlugin_Enable_IAA=0",
					"JucePlugin_Name=\\\"Synthesizer\\\"",
					"JucePlugin_Desc=\\\"Synthesizer\\\"",
					"JucePlugin_Manufacturer=\\\"yourcompany\\\"",
					"JucePlugin_ManufacturerWebsite=\\\"\\\"",
					"JucePlugin_ManufacturerEmail=\\\"\\\"",
					"JucePlugin_ManufacturerCode=0x4d616e75",
					"JucePlugin_PluginCode=0x4e6f6b72",
					"JucePlugin_IsSynth=1",
					"JucePlugin_WantsMidiInput=1",
					"JucePlugin_ProducesMidiOutput=1",
					"JucePlugin_IsMidiEffect=0",
					"JucePlugin_EditorRequiresKeyboardFocus=0",
					"JucePlugin_Version=1.0.0",
					"JucePlugin_VersionCode=0x10000",
					"JucePlugin_VersionString=\\\"1.0.0\\\"",
					"JucePlugin_VSTUniqueID=JucePlugin_PluginCode",
					"JucePlugin_VSTCategory=kPlugCategSynth",
					"JucePlugin_Vst3Category=\\\"Instrument|Synth\\\"",
					"JucePlugin_AUMainType='aumu'",
					"JucePlugin_AUSubType=JucePlugin_PluginCode",
					"JucePlugin_AUExportPrefix=SynthesizerAU",
					"JucePlugin_AUExportPrefixQuoted=\\\"SynthesizerAU\\\"",
					"JucePlugin_AUManufacturerCode=JucePlugin_ManufacturerCode",
					"JucePlugin_CFBundleIdentifier=com.yourcompany.Synthesizer",
					"JucePlugin_RTASCategory=2048",
					"JucePlugin_RTASManufacturerCode=JucePlugin_ManufacturerCode",
					"JucePlugin_RTASProductId=JucePlugin_PluginCode",
					"JucePlugin_RTASDisableBypass=0",
					"JucePlugin_RTASDisableMultiMono=0",
					"JucePlugin_AAXIdentifier=com.yourcompany.Synthesizer",
					"JucePlugin_AAXManufacturerCode=JucePlugin_ManufacturerCode",
					"JucePlugin_AAXProductId=JucePlugin_PluginCode",
					"JucePlugin_AAXCategory=2048",
					"JucePlugin_AAXDisableBypass=0",
					"JucePlugin_AAXDisableMultiMono=0",
					"JucePlugin_IAAType=0x61757269",
					"JucePlugin_IAASubType=JucePlugin_PluginCode",
					"JucePlugin_IAAName=\\\"yourcompany:\\ Synthesizer\\\"",
					"JucePlugin_VSTNumMidiInputs=16",
					"JucePlugin_VSTNumMidiOutputs=16",
					"JUCE_STANDALONE_APPLICATION=JucePlugin_Build_Standalone",
					"JUCER_XCODE_MAC_F6D2F4CF=1",
					"JUCE_APP_VERSION=1.0.0",
					"JUCE_APP_VERSION_HEX=0x10000",
					"JUCE_SHARED_CODE=1",
				);
				GCC_VERSION = com.apple.compilers.llvm.clang.1_0;
				HEADER_SEARCH_PATHS = (
					"/Applications/JUCE/modules/juce_audio_processors/format_types/VST3_SDK",
					"../../JuceLibraryCode",
					"../../JuceLibraryCode/modules",
					"/Applications/JUCE/modules",
					"/Users/vincenthuang/JUCEProjects/Synthesizer/Maximilian",
					"/Applications/JUCE/modules/juce_audio_plugin_client",
					"$(inherited)",
				);
				INSTALL_PATH = "@executable_path/../Frameworks";
				MACOSX_DEPLOYMENT_TARGET = 10.11;
				MTL_HEADER_SEARCH_PATHS = (
					"/Applications/JUCE/modules/juce_audio_processors/format_types/VST3_SDK",
					"../../JuceLibraryCode",
					"../../JuceLibraryCode/modules",
					"/Applications/JUCE/modules",
					"/Users/vincenthuang/JUCEProjects/Synthesizer/Maximilian",
					"/Applications/JUCE/modules/juce_audio_plugin_client",
				);
				PRODUCT_BUNDLE_IDENTIFIER = com.yourcompany.Synthesizer;
				PRODUCT_NAME = "Synthesizer";
				SKIP_INSTALL = YES;
				USE_HEADERMAP = NO;
				VALID_ARCHS = "i386 x86_64 arm64 arm64e";
			};
			name = Debug;
		};
		7C5148B2C7ECD215B2BB78C4 = {
			isa = XCBuildConfiguration;
			buildSettings = {
				CLANG_CXX_LANGUAGE_STANDARD = "c++14";
				CLANG_CXX_LIBRARY = "libc++";
				CLANG_LINK_OBJC_RUNTIME = NO;
				CODE_SIGN_IDENTITY = "";
				COMBINE_HIDPI_IMAGES = YES;
				CONFIGURATION_BUILD_DIR = "$(PROJECT_DIR)/build/$(CONFIGURATION)";
				DEAD_CODE_STRIPPING = YES;
				GCC_GENERATE_DEBUGGING_SYMBOLS = NO;
				GCC_OPTIMIZATION_LEVEL = 3;
				GCC_PREPROCESSOR_DEFINITIONS = (
					"_NDEBUG=1",
					"NDEBUG=1",
					"JUCE_DISPLAY_SPLASH_SCREEN=1",
					"JUCE_USE_DARK_SPLASH_SCREEN=1",
					"JUCE_PROJUCER_VERSION=0x60004",
					"JUCE_MODULE_AVAILABLE_juce_audio_basics=1",
					"JUCE_MODULE_AVAILABLE_juce_audio_devices=1",
					"JUCE_MODULE_AVAILABLE_juce_audio_formats=1",
					"JUCE_MODULE_AVAILABLE_juce_audio_plugin_client=1",
					"JUCE_MODULE_AVAILABLE_juce_audio_processors=1",
					"JUCE_MODULE_AVAILABLE_juce_audio_utils=1",
					"JUCE_MODULE_AVAILABLE_juce_core=1",
					"JUCE_MODULE_AVAILABLE_juce_data_structures=1",
					"JUCE_MODULE_AVAILABLE_juce_events=1",
					"JUCE_MODULE_AVAILABLE_juce_graphics=1",
					"JUCE_MODULE_AVAILABLE_juce_gui_basics=1",
					"JUCE_MODULE_AVAILABLE_juce_gui_extra=1",
					"JUCE_GLOBAL_MODULE_SETTINGS_INCLUDED=1",
					"JUCE_VST3_CAN_REPLACE_VST2=0",
					"JUCE_STRICT_REFCOUNTEDPOINTER=1",
					"JucePlugin_Build_VST=0",
					"JucePlugin_Build_VST3=1",
					"JucePlugin_Build_AU=1",
					"JucePlugin_Build_AUv3=0",
					"JucePlugin_Build_RTAS=0",
					"JucePlugin_Build_AAX=0",
					"JucePlugin_Build_Standalone=1",
					"JucePlugin_Build_Unity=0",
					"JucePlugin_Enable_IAA=0",
					"JucePlugin_Name=\\\"Synthesizer\\\"",
					"JucePlugin_Desc=\\\"Synthesizer\\\"",
					"JucePlugin_Manufacturer=\\\"yourcompany\\\"",
					"JucePlugin_ManufacturerWebsite=\\\"\\\"",
					"JucePlugin_ManufacturerEmail=\\\"\\\"",
					"JucePlugin_ManufacturerCode=0x4d616e75",
					"JucePlugin_PluginCode=0x4e6f6b72",
					"JucePlugin_IsSynth=1",
					"JucePlugin_WantsMidiInput=1",
					"JucePlugin_ProducesMidiOutput=1",
					"JucePlugin_IsMidiEffect=0",
					"JucePlugin_EditorRequiresKeyboardFocus=0",
					"JucePlugin_Version=1.0.0",
					"JucePlugin_VersionCode=0x10000",
					"JucePlugin_VersionString=\\\"1.0.0\\\"",
					"JucePlugin_VSTUniqueID=JucePlugin_PluginCode",
					"JucePlugin_VSTCategory=kPlugCategSynth",
					"JucePlugin_Vst3Category=\\\"Instrument|Synth\\\"",
					"JucePlugin_AUMainType='aumu'",
					"JucePlugin_AUSubType=JucePlugin_PluginCode",
					"JucePlugin_AUExportPrefix=SynthesizerAU",
					"JucePlugin_AUExportPrefixQuoted=\\\"SynthesizerAU\\\"",
					"JucePlugin_AUManufacturerCode=JucePlugin_ManufacturerCode",
					"JucePlugin_CFBundleIdentifier=com.yourcompany.Synthesizer",
					"JucePlugin_RTASCategory=2048",
					"JucePlugin_RTASManufacturerCode=JucePlugin_ManufacturerCode",
					"JucePlugin_RTASProductId=JucePlugin_PluginCode",
					"JucePlugin_RTASDisableBypass=0",
					"JucePlugin_RTASDisableMultiMono=0",
					"JucePlugin_AAXIdentifier=com.yourcompany.Synthesizer",
					"JucePlugin_AAXManufacturerCode=JucePlugin_ManufacturerCode",
					"JucePlugin_AAXProductId=JucePlugin_PluginCode",
					"JucePlugin_AAXCategory=2048",
					"JucePlugin_AAXDisableBypass=0",
					"JucePlugin_AAXDisableMultiMono=0",
					"JucePlugin_IAAType=0x61757269",
					"JucePlugin_IAASubType=JucePlugin_PluginCode",
					"JucePlugin_IAAName=\\\"yourcompany:\\ Synthesizer\\\"",
					"JucePlugin_VSTNumMidiInputs=16",
					"JucePlugin_VSTNumMidiOutputs=16",
					"JUCE_STANDALONE_APPLICATION=JucePlugin_Build_Standalone",
					"JUCER_XCODE_MAC_F6D2F4CF=1",
					"JUCE_APP_VERSION=1.0.0",
					"JUCE_APP_VERSION_HEX=0x10000",
					"JUCE_SHARED_CODE=1",
				);
				GCC_VERSION = com.apple.compilers.llvm.clang.1_0;
				HEADER_SEARCH_PATHS = (
					"/Applications/JUCE/modules/juce_audio_processors/format_types/VST3_SDK",
					"../../JuceLibraryCode",
					"../../JuceLibraryCode/modules",
					"/Applications/JUCE/modules",
					"/Applications/JUCE/modules/juce_audio_plugin_client",
					"$(inherited)",
				);
				INSTALL_PATH = "@executable_path/../Frameworks";
				LLVM_LTO = YES;
				MACOSX_DEPLOYMENT_TARGET = 10.11;
				MTL_HEADER_SEARCH_PATHS = (
					"/Applications/JUCE/modules/juce_audio_processors/format_types/VST3_SDK",
					"../../JuceLibraryCode",
					"../../JuceLibraryCode/modules",
					"/Applications/JUCE/modules",
					"/Applications/JUCE/modules/juce_audio_plugin_client",
				);
				PRODUCT_BUNDLE_IDENTIFIER = com.yourcompany.Synthesizer;
				PRODUCT_NAME = "Synthesizer";
				SKIP_INSTALL = YES;
				USE_HEADERMAP = NO;
				VALID_ARCHS = "i386 x86_64 arm64 arm64e";
			};
			name = Release;
		};
		0C20D5C886008E3436883C93 = {
			isa = XCBuildConfiguration;
			buildSettings = {
				ALWAYS_SEARCH_USER_PATHS = NO;
				CLANG_ENABLE_OBJC_WEAK = YES;
				CLANG_WARN_BLOCK_CAPTURE_AUTORELEASING = YES;
				CLANG_WARN_BOOL_CONVERSION = YES;
				CLANG_WARN_COMMA = YES;
				CLANG_WARN_CONSTANT_CONVERSION = YES;
				CLANG_WARN_DEPRECATED_OBJC_IMPLEMENTATIONS = YES;
				CLANG_WARN_EMPTY_BODY = YES;
				CLANG_WARN_ENUM_CONVERSION = YES;
				CLANG_WARN_INFINITE_RECURSION = YES;
				CLANG_WARN_INT_CONVERSION = YES;
				CLANG_WARN_NON_LITERAL_NULL_CONVERSION = YES;
				CLANG_WARN_OBJC_IMPLICIT_RETAIN_SELF = YES;
				CLANG_WARN_OBJC_LITERAL_CONVERSION = YES;
				CLANG_WARN_RANGE_LOOP_ANALYSIS = YES;
				CLANG_WARN_STRICT_PROTOTYPES = YES;
				CLANG_WARN_SUSPICIOUS_MOVE = YES;
				CLANG_WARN_UNREACHABLE_CODE = YES;
				CLANG_WARN__DUPLICATE_METHOD_MATCH = YES;
				CODE_SIGN_IDENTITY = "";
				DEBUG_INFORMATION_FORMAT = dwarf;
				ENABLE_STRICT_OBJC_MSGSEND = YES;
				ENABLE_TESTABILITY = NO;
				GCC_C_LANGUAGE_STANDARD = c11;
				GCC_INLINES_ARE_PRIVATE_EXTERN = YES;
				GCC_MODEL_TUNING = G5;
				GCC_NO_COMMON_BLOCKS = YES;
				GCC_SYMBOLS_PRIVATE_EXTERN = YES;
				GCC_WARN_64_TO_32_BIT_CONVERSION = YES;
				GCC_WARN_ABOUT_RETURN_TYPE = YES;
				GCC_WARN_CHECK_SWITCH_STATEMENTS = YES;
				GCC_WARN_MISSING_PARENTHESES = YES;
				GCC_WARN_NON_VIRTUAL_DESTRUCTOR = YES;
				GCC_WARN_TYPECHECK_CALLS_TO_PRINTF = YES;
				GCC_WARN_UNDECLARED_SELECTOR = YES;
				GCC_WARN_UNINITIALIZED_AUTOS = YES;
				GCC_WARN_UNUSED_FUNCTION = YES;
				GCC_WARN_UNUSED_VARIABLE = YES;
				ONLY_ACTIVE_ARCH = YES;
				PRODUCT_NAME = "Synthesizer";
				SDKROOT = macosx;
				WARNING_CFLAGS = "-Wreorder";
				ZERO_LINK = NO;
			};
			name = Debug;
		};
		5058F9646A443E1BC9A4F075 = {
			isa = XCBuildConfiguration;
			buildSettings = {
				ALWAYS_SEARCH_USER_PATHS = NO;
				CLANG_ENABLE_OBJC_WEAK = YES;
				CLANG_WARN_BLOCK_CAPTURE_AUTORELEASING = YES;
				CLANG_WARN_BOOL_CONVERSION = YES;
				CLANG_WARN_COMMA = YES;
				CLANG_WARN_CONSTANT_CONVERSION = YES;
				CLANG_WARN_DEPRECATED_OBJC_IMPLEMENTATIONS = YES;
				CLANG_WARN_EMPTY_BODY = YES;
				CLANG_WARN_ENUM_CONVERSION = YES;
				CLANG_WARN_INFINITE_RECURSION = YES;
				CLANG_WARN_INT_CONVERSION = YES;
				CLANG_WARN_NON_LITERAL_NULL_CONVERSION = YES;
				CLANG_WARN_OBJC_IMPLICIT_RETAIN_SELF = YES;
				CLANG_WARN_OBJC_LITERAL_CONVERSION = YES;
				CLANG_WARN_RANGE_LOOP_ANALYSIS = YES;
				CLANG_WARN_STRICT_PROTOTYPES = YES;
				CLANG_WARN_SUSPICIOUS_MOVE = YES;
				CLANG_WARN_UNREACHABLE_CODE = YES;
				CLANG_WARN__DUPLICATE_METHOD_MATCH = YES;
				CODE_SIGN_IDENTITY = "";
				DEBUG_INFORMATION_FORMAT = dwarf;
				ENABLE_STRICT_OBJC_MSGSEND = YES;
				ENABLE_TESTABILITY = NO;
				GCC_C_LANGUAGE_STANDARD = c11;
				GCC_INLINES_ARE_PRIVATE_EXTERN = YES;
				GCC_MODEL_TUNING = G5;
				GCC_NO_COMMON_BLOCKS = YES;
				GCC_SYMBOLS_PRIVATE_EXTERN = YES;
				GCC_WARN_64_TO_32_BIT_CONVERSION = YES;
				GCC_WARN_ABOUT_RETURN_TYPE = YES;
				GCC_WARN_CHECK_SWITCH_STATEMENTS = YES;
				GCC_WARN_MISSING_PARENTHESES = YES;
				GCC_WARN_NON_VIRTUAL_DESTRUCTOR = YES;
				GCC_WARN_TYPECHECK_CALLS_TO_PRINTF = YES;
				GCC_WARN_UNDECLARED_SELECTOR = YES;
				GCC_WARN_UNINITIALIZED_AUTOS = YES;
				GCC_WARN_UNUSED_FUNCTION = YES;
				GCC_WARN_UNUSED_VARIABLE = YES;
				PRODUCT_NAME = "Synthesizer";
				SDKROOT = macosx;
				WARNING_CFLAGS = "-Wreorder";
				ZERO_LINK = NO;
			};
			name = Release;
		};
		5A4823503218C1F1CB040942 = {
			isa = XCConfigurationList;
			buildConfigurations = (
				0C20D5C886008E3436883C93,
				5058F9646A443E1BC9A4F075,
			);
			defaultConfigurationIsVisible = 0;
			defaultConfigurationName = Debug;
		};
		2C9E4DAE3666E789DE963F5D = {
			isa = XCConfigurationList;
			buildConfigurations = (
				C7B391D4ABB4DB804A3908E9,
				0887E9749B0FF7968BECDDCA,
			);
			defaultConfigurationIsVisible = 0;
			defaultConfigurationName = Debug;
		};
		82D1B44F220375F2703B33B9 = {
			isa = PBXAggregateTarget;
			buildConfigurationList = 2C9E4DAE3666E789DE963F5D;
			buildPhases = ( );
			buildRules = ( );
			dependencies = (
				AE9496035120467750D6C2AD,
				BB1D78D83CAAE0212BD7D968,
				46D8786406112254B6B9E120,
				BEA9682E71B2CE18D9BE01A5,
			);
			name = "Synthesizer - All";
			productName = Synthesizer;
		};
		A44DE6C2665DC4B1EFC86C1B = {
			isa = XCConfigurationList;
			buildConfigurations = (
				F8B99042FBCA0FFB0F7F634B,
				7DA7FD263867F5099D010134,
			);
			defaultConfigurationIsVisible = 0;
			defaultConfigurationName = Debug;
		};
		6E291378811DD0B03A56431E = {
			isa = PBXResourcesBuildPhase;
			buildActionMask = 2147483647;
			files = (
				E43C967A8B929C47F9C4281F,
			);
			runOnlyForDeploymentPostprocessing = 0;
		};
		2FC47C8FAB33C9602C0B78DB = {
			isa = PBXSourcesBuildPhase;
			buildActionMask = 2147483647;
			files = (
				05B3802C3B6AD2A507472048,
			);
			runOnlyForDeploymentPostprocessing = 0;
		};
		03E500EE9DE3564B3259E53F = {
			isa = PBXFrameworksBuildPhase;
			buildActionMask = 2147483647;
			files = (
				D2F2445B2606CA397FB1938C,
				941C27B88DCBF8EE6610FB18,
				34D6C40820B63ED4E2FD9575,
				3A4A7EC58A84B9B95E7F0B58,
				EF889AA24B86FC93063146A3,
				261D82B96AE341E2B894F81A,
				3696C40709ED8091E64C09B7,
				8015803133CFB29477F32DEA,
				7403F623E117EBE0081136E7,
				42B11FAF558C3BCDF083D107,
				F49D827669D48021D391E769,
			);
			runOnlyForDeploymentPostprocessing = 0;
		};
		F99E227DABB427984FA4A903 = {
			isa = PBXNativeTarget;
			buildConfigurationList = A44DE6C2665DC4B1EFC86C1B;
			buildPhases = (
				6E291378811DD0B03A56431E,
				2FC47C8FAB33C9602C0B78DB,
				03E500EE9DE3564B3259E53F,
			);
			buildRules = ( );
			dependencies = (
				C4D0F0C6C302BA4DDCC8CFAF,
			);
			name = "Synthesizer - VST3";
			productName = Synthesizer;
			productReference = F8104BA875951D41382FE00E;
			productType = "com.apple.product-type.bundle";
		};
		51FDEA84B39B56B9D6686B38 = {
			isa = XCConfigurationList;
			buildConfigurations = (
				D9EF72D66AF56B48EA7AAC93,
				EB086BB231BFA9BDBEA223A3,
			);
			defaultConfigurationIsVisible = 0;
			defaultConfigurationName = Debug;
		};
		850087B3B053BDF6C0191A20 = {
			isa = PBXResourcesBuildPhase;
			buildActionMask = 2147483647;
			files = (
				E43C967A8B929C47F9C4281F,
			);
			runOnlyForDeploymentPostprocessing = 0;
		};
		E8BB8D722622AA17E63AB580 = {
			isa = PBXRezBuildPhase;
			buildActionMask = 2147483647;
			files = (
				DEB4C96B373C7BD1AB1BDBE4,
			);
			runOnlyForDeploymentPostprocessing = 0;
		};
		799A9C9EF3170155755127EF = {
			isa = PBXSourcesBuildPhase;
			buildActionMask = 2147483647;
			files = (
				C63E42A0972E45B1E9724818,
				25044E2337BAC365D74A9F8D,
			);
			runOnlyForDeploymentPostprocessing = 0;
		};
		5990487618EB7D332D1F7845 = {
			isa = PBXFrameworksBuildPhase;
			buildActionMask = 2147483647;
			files = (
				811AD44258F2EBA74A94BCF9,
				D2F2445B2606CA397FB1938C,
				941C27B88DCBF8EE6610FB18,
				34D6C40820B63ED4E2FD9575,
				3A4A7EC58A84B9B95E7F0B58,
				EF889AA24B86FC93063146A3,
				261D82B96AE341E2B894F81A,
				3696C40709ED8091E64C09B7,
				8015803133CFB29477F32DEA,
				7403F623E117EBE0081136E7,
				42B11FAF558C3BCDF083D107,
				F49D827669D48021D391E769,
			);
			runOnlyForDeploymentPostprocessing = 0;
		};
		6F2F0FE75767A999A9127985 = {
			isa = PBXNativeTarget;
			buildConfigurationList = 51FDEA84B39B56B9D6686B38;
			buildPhases = (
				850087B3B053BDF6C0191A20,
				E8BB8D722622AA17E63AB580,
				799A9C9EF3170155755127EF,
				5990487618EB7D332D1F7845,
			);
			buildRules = ( );
			dependencies = (
				69C9DC558633BA2F4160EFBC,
			);
			name = "Synthesizer - AU";
			productName = Synthesizer;
			productReference = 10AE2CCCEC558246146B256A;
			productType = "com.apple.product-type.bundle";
		};
		D9C50FD8C5A3B069C1B44684 = {
			isa = XCConfigurationList;
			buildConfigurations = (
				69C461CD747E5F9F59E7BCBF,
				055361D3EB58001585613B4D,
			);
			defaultConfigurationIsVisible = 0;
			defaultConfigurationName = Debug;
		};
		BDF4D18C39DE66719D13C026 = {
			isa = PBXResourcesBuildPhase;
			buildActionMask = 2147483647;
			files = (
				E43C967A8B929C47F9C4281F,
			);
			runOnlyForDeploymentPostprocessing = 0;
		};
		FC25682604EA2D9A9877F5FE = {
			isa = PBXSourcesBuildPhase;
			buildActionMask = 2147483647;
			files = (
				277D9149183D1F940F014AFB,
			);
			runOnlyForDeploymentPostprocessing = 0;
		};
		4E616DF244CE5453FA8D0378 = {
			isa = PBXFrameworksBuildPhase;
			buildActionMask = 2147483647;
			files = (
				D2F2445B2606CA397FB1938C,
				941C27B88DCBF8EE6610FB18,
				34D6C40820B63ED4E2FD9575,
				3A4A7EC58A84B9B95E7F0B58,
				EF889AA24B86FC93063146A3,
				261D82B96AE341E2B894F81A,
				3696C40709ED8091E64C09B7,
				8015803133CFB29477F32DEA,
				7403F623E117EBE0081136E7,
				42B11FAF558C3BCDF083D107,
				F49D827669D48021D391E769,
			);
			runOnlyForDeploymentPostprocessing = 0;
		};
		CE54D4B73AF2A9ADE7AE3F07 = {
			isa = PBXNativeTarget;
			buildConfigurationList = D9C50FD8C5A3B069C1B44684;
			buildPhases = (
				BDF4D18C39DE66719D13C026,
				FC25682604EA2D9A9877F5FE,
				4E616DF244CE5453FA8D0378,
			);
			buildRules = ( );
			dependencies = (
				6037A701D2BD5D5E9616DFF6,
			);
			name = "Synthesizer - Standalone Plugin";
			productName = Synthesizer;
			productReference = 564A0FFA13C6260D997E7809;
			productType = "com.apple.product-type.application";
		};
		B0D443A88678B4DBAB237950 = {
			isa = XCConfigurationList;
			buildConfigurations = (
				5C6F3C2BD0A3F48F8BAF205E,
				7C5148B2C7ECD215B2BB78C4,
			);
			defaultConfigurationIsVisible = 0;
			defaultConfigurationName = Debug;
		};
		650160F7409EC35DC128555D = {
			isa = PBXSourcesBuildPhase;
			buildActionMask = 2147483647;
			files = (
				E4FB6C4AEC256EF45F425DE1,
				B935C2C7B0BA5F1C673340B6,
				DA84A770FAC4436BC209B878,
				58D691D46AA047EAA52175D2,
				1268C317AD4E61661DAF9B16,
				DBFB99EAA54853EFF89F4184,
				53806C27B7FCB73083CC6482,
				B5C63E20567F45B85910CAB0,
				9E0C1F74A2E994F624C32ADC,
				B4CB3622452EF2AA84676AE8,
				7C98D6796B58F64014F14D2F,
				DF65E2CF64FD9ADBAC91FA77,
				49F4BF79354B8509FFBAA655,
				2EFDA3EBA317665E49C7A558,
				FCB6D754E14BA5744748ABDB,
				EB76CC2838A7C8EE48000388,
				D2C23F9C39A832FA70586C29,
				AC65F7DA8C38074792401B4A,
				42F5BCE7096B0E9AC4CD4CBC,
				96D43F3C41A343955EE46F9A,
				C2A119F3CA9B31494C295BC2,
				80228C6047B4EBE8397D9F99,
				5682773312CDECDCFA3F82A3,
				528B9DD0DCFEE26769FBA086,
				E660F7E29ED4C092635AF559,
				7DD3D5E82EC424649E453EE4,
				3CC1379455E600E966D9D0BA,
			);
			runOnlyForDeploymentPostprocessing = 0;
		};
		48245960CCD9B57F52EA1360 = {
			isa = PBXNativeTarget;
			buildConfigurationList = B0D443A88678B4DBAB237950;
			buildPhases = (
				650160F7409EC35DC128555D,
			);
			buildRules = ( );
			dependencies = ( );
			name = "Synthesizer - Shared Code";
			productName = Synthesizer;
			productReference = 92ACCD64B5A8B96EDC8BC228;
			productType = "com.apple.product-type.library.static";
		};
		5FE49532A0B8F1AE97D99A3B = {
			isa = PBXProject;
			buildConfigurationList = 5A4823503218C1F1CB040942;
			attributes = { LastUpgradeCheck = 1200; ORGANIZATIONNAME = ""; TargetAttributes = { 82D1B44F220375F2703B33B9 = { SystemCapabilities = {com.apple.ApplicationGroups.iOS = { enabled = 0; }; com.apple.InAppPurchase = { enabled = 0; }; com.apple.InterAppAudio = { enabled = 0; }; com.apple.Push = { enabled = 0; }; com.apple.Sandbox = { enabled = 0; }; com.apple.HardenedRuntime = { enabled = 0; }; }; };F99E227DABB427984FA4A903 = { SystemCapabilities = {com.apple.ApplicationGroups.iOS = { enabled = 0; }; com.apple.InAppPurchase = { enabled = 0; }; com.apple.InterAppAudio = { enabled = 0; }; com.apple.Push = { enabled = 0; }; com.apple.Sandbox = { enabled = 0; }; com.apple.HardenedRuntime = { enabled = 0; }; }; };6F2F0FE75767A999A9127985 = { SystemCapabilities = {com.apple.ApplicationGroups.iOS = { enabled = 0; }; com.apple.InAppPurchase = { enabled = 0; }; com.apple.InterAppAudio = { enabled = 0; }; com.apple.Push = { enabled = 0; }; com.apple.Sandbox = { enabled = 0; }; com.apple.HardenedRuntime = { enabled = 0; }; }; };CE54D4B73AF2A9ADE7AE3F07 = { SystemCapabilities = {com.apple.ApplicationGroups.iOS = { enabled = 0; }; com.apple.InAppPurchase = { enabled = 0; }; com.apple.InterAppAudio = { enabled = 0; }; com.apple.Push = { enabled = 0; }; com.apple.Sandbox = { enabled = 0; }; com.apple.HardenedRuntime = { enabled = 0; }; }; };48245960CCD9B57F52EA1360 = { SystemCapabilities = {com.apple.ApplicationGroups.iOS = { enabled = 0; }; com.apple.InAppPurchase = { enabled = 0; }; com.apple.InterAppAudio = { enabled = 0; }; com.apple.Push = { enabled = 0; }; com.apple.Sandbox = { enabled = 0; }; com.apple.HardenedRuntime = { enabled = 0; }; }; }; }; };
			compatibilityVersion = "Xcode 3.2";
			hasScannedForEncodings = 0;
			mainGroup = 26E8128F8071B3D6235BA60A;
			projectDirPath = "";
			projectRoot = "";
			targets = (82D1B44F220375F2703B33B9, F99E227DABB427984FA4A903, 6F2F0FE75767A999A9127985, CE54D4B73AF2A9ADE7AE3F07, 48245960CCD9B57F52EA1360);
			knownRegions = (en, Base);
		};
	};
	rootObject = 5FE49532A0B8F1AE97D99A3B;
}
